bazil.org/fuse v0.0.0-20160811212531-371fbbdaa898 h1:SC+c6A1qTFstO9qmB86mPV2IpYme/2ZoEQ0hrP+wo+Q=
bazil.org/fuse v0.0.0-20160811212531-371fbbdaa898/go.mod h1:Xbm+BRKSBEpa4q4hTSxohYNQpsxXPbPry4JJWOB3LB8=
cloud.google.com/go v0.0.0-20161006024015-b70ccc799b9d h1:VD0GmNrykpFbcEsS3mdWq76NRe3ruhIwDTNwKpc0KzM=
cloud.google.com/go v0.0.0-20161006024015-b70ccc799b9d/go.mod h1:aQUYkXzVsufM+DwF1aE+0xfcU+56JwCaLick0ClmMTw=
github.com/FiloSottile/b2 v0.0.0-20170207175032-b197f7a2c317 h1:1GuMjC4tjfwnWBdoTS7YqtQ3JIsEft6NRcdmXdzvYYc=
github.com/FiloSottile/b2 v0.0.0-20170207175032-b197f7a2c317/go.mod h1:3DBotXAz3n/g1px/orhrK7xBJLjfaJRRrsEAJiUYEtY=
github.com/aws/aws-sdk-go v1.14.31 h1:amhorvKh1zNxo9YCntvA5uDmgw+pCYXOp4xO8WS1oDg=
github.com/aws/aws-sdk-go v1.14.31/go.mod h1:mFuSZ37Z9YOHbQEwBWztmVzqXrEkub65tZoCYDt7FT0=
github.com/bradfitz/grpc-go v0.0.0-20170203184515-188a132adcfba339f1f2d5da52498451341f9ee8 h1:iwXMBvi1dRUix2B57fTxvfbKRWsx9Sy0UyBebMjcDDw=
github.com/bradfitz/grpc-go v0.0.0-20170203184515-188a132adcfba339f1f2d5da52498451341f9ee8/go.mod h1:lmzCZsRJmQROwMcC7msBfnvrB39zRV2gLJKKKooEu6g=
github.com/bradfitz/latlong v0.0.0-20140711231157-b74550508561 h1:mz4equOOUOnI4q5E7dyHlRx1x63YEaYwhlVluCDila4=
github.com/bradfitz/latlong v0.0.0-20140711231157-b74550508561/go.mod h1:ZcXX9BndVQx6Q/JM6B8x7dLE9sl20S+TQsv4KO7tEQk=
github.com/cznic/fileutil v0.0.0-20180108211300-6a051e75936f h1:7uSNgsgcarNk4oiN/nNkO0J7KAjlsF5Yv5Gf/tFdHas=
github.com/cznic/fileutil v0.0.0-20180108211300-6a051e75936f/go.mod h1:8S58EK26zhXSxzv7NQFpnliaOQsmDUxvoQO3rt154Vg=
github.com/cznic/internal v0.0.0-20170905175358-4747030f7cf2 h1:awMC34B84ytFodqjXrYHx79m3xJciAL2cuGZMwadhEo=
github.com/cznic/internal v0.0.0-20170905175358-4747030f7cf2/go.mod h1:olo7eAdKwJdXxb55TKGLiJ6xt1H0/tiiRCWKVLmtjY4=
github.com/cznic/kv v0.0.0-20170515202733-892ccf731fb7 h1:G0icxs3Q69G0z/YXc9Yuh5x2AGMyPigES+yu3TFi7jo=
github.com/cznic/kv v0.0.0-20170515202733-892ccf731fb7/go.mod h1:J9vPsG5aOQu5A836WgCTIb9xkiB9w1birknxIQmyWXY=
github.com/cznic/lldb v1.1.0 h1:AIA+ham6TSJ+XkMe8imQ/g8KPzMUVWAwqUQQdtuMsHs=
github.com/cznic/lldb v1.1.0/go.mod h1:FIZVUmYUVhPwRiPzL8nD/mpFcJ/G7SSXjjXYG4uRI3A=
github.com/cznic/mathutil v0.0.0-20180214153908-5455a562bccb h1:IvBItodX/Mt7Az1xwvkGkzQj3yG4u4Gk5uGF14eJgXM=
github.com/cznic/mathutil v0.0.0-20180214153908-5455a562bccb/go.mod h1:e6NPNENfs9mPDVNRekM7lKScauxd5kXTr1Mfyig6TDM=
github.com/cznic/sortutil v0.0.0-20150617083342-4c7342852e65 h1:hxuZop6tSoOi0sxFzoGGYdRqNrPubyaIf9KoBG9tPiE=
github.com/cznic/sortutil v0.0.0-20150617083342-4c7342852e65/go.mod h1:q2w6Bg5jeox1B+QkJ6Wp/+Vn0G/bo3f1uY7Fn3vivIQ=
github.com/cznic/zappy v0.0.0-20160723133515-2533cb5b45cc h1:YKKpTb2BrXN2GYyGaygIdis1vXbE7SSAG9axGWIMClg=
github.com/cznic/zappy v0.0.0-20160723133515-2533cb5b45cc/go.mod h1:Y1SNZ4dRUOKXshKUbwUapqNncRrho4mkjQebgEHZLj8=
github.com/edsrzf/mmap-go v0.0.0-20170320065105-0bce6a688712 h1:aaQcKT9WumO6JEJcRyTqFVq4XUZiUcKR2/GI31TOcz8=
github.com/edsrzf/mmap-go v0.0.0-20170320065105-0bce6a688712/go.mod h1:YO35OhQPt3KJa3ryjFM5Bs14WD66h8eGKpfaBNrHW5M=
github.com/fsnotify/fsnotify v1.4.2 h1:v5tKwtf2hNhBV24eNYfQ5UmvFOGlOCmRqk7/P1olxtk=
github.com/fsnotify/fsnotify v1.4.2/go.mod h1:jwhsz4b93w/PPRr/qN1Yymfu8t87LnFCMoQvtojpjFo=
github.com/garyburd/go-oauth v0.0.0-20140207011728-7d749055310d h1:FHsYOC62LvAanE5RU/MbDhBYG319Ct+xGQme3UGB8cU=
github.com/garyburd/go-oauth v0.0.0-20140207011728-7d749055310d/go.mod h1:HfkOCN6fkKKaPSAeNq/er3xObxTW4VLeY6UUK895gLQ=
github.com/go-ini/ini v1.25.4/go.mod h1:ByCAeIL28uOIIG0E3PJtZPDL8WnHpFKFOtgjp+3Ies8=
github.com/go-ini/ini v1.38.1 h1:hbtfM8emWUVo9GnXSloXYyFbXxZ+tG6sbepSStoe1FY=
github.com/go-ini/ini v1.38.1/go.mod h1:ByCAeIL28uOIIG0E3PJtZPDL8WnHpFKFOtgjp+3Ies8=
github.com/go-sql-driver/mysql v1.3.0 h1:pgwjLi/dvffoP9aabwkT3AKpXQM93QARkjFhDDqC1UE=
github.com/go-sql-driver/mysql v1.3.0/go.mod h1:zAC/RDZ24gD3HViQzih4MyKcchzm+sOG5ZlKdlhCg5w=
github.com/go-sql-driver/mysql v1.4.1-0.20180719071942-99ff426eb706 h1:6V8xVlmRsgO5v8TJMTkYpg2hzmH2RM7HpkgtDtup4nM=
github.com/go-sql-driver/mysql v1.4.1-0.20180719071942-99ff426eb706/go.mod h1:zAC/RDZ24gD3HViQzih4MyKcchzm+sOG5ZlKdlhCg5w=
github.com/golang/protobuf v1.0.0 h1:lsek0oXi8iFE9L+EXARyHIjU5rlWIhhTkjDz3vHhWWQ=
github.com/golang/protobuf v1.0.0/go.mod h1:6lQm79b+lXiMfvg/cZm0SGofjICqVBUtrP5yJMmIC1U=
github.com/golang/snappy v0.0.0-20170215233205-553a64147049 h1:K9KHZbXKpGydfDN0aZrsoHpLJlZsBrGMFWbgLDGnPZk=
github.com/golang/snappy v0.0.0-20170215233205-553a64147049/go.mod h1:/XxbfmMg8lxefKM7IXC3fBNl/7bRcc72aCRzEWrmP2Q=
github.com/googleapis/gax-go v0.0.0-20161107002406-da06d194a00e h1:CYRpN206UTHUinz3VJoLaBdy1gEGeJNsqT0mvswDcMw=
github.com/googleapis/gax-go v0.0.0-20161107002406-da06d194a00e/go.mod h1:SFVmujtThgffbyetf+mdk2eWhX2bMyUtNHzFKcPA9HY=
github.com/gopherjs/gopherjs v0.0.0-20180424202546-8dffc02ea1cb h1:g0omhilXoAZ+6sFcF6puAzT+/MoKK3ZBQ9e7nVIRjrc=
github.com/gopherjs/gopherjs v0.0.0-20180424202546-8dffc02ea1cb/go.mod h1:wJfORRmW1u3UXTncJ5qlYoELFm8eSnnEO6hX4iZ3EWY=
github.com/gopherjs/gopherjs v0.0.0-20180825215210-0210a2f0f73c h1:16eHWuMGvCjSfgRJKqIzapE78onvvTbdi1rMkU00lZw=
github.com/gopherjs/gopherjs v0.0.0-20180825215210-0210a2f0f73c/go.mod h1:wJfORRmW1u3UXTncJ5qlYoELFm8eSnnEO6hX4iZ3EWY=
github.com/gopherjs/gopherjs v0.0.0-20181004052249-0fee806ad497 h1:fZpNOC68EbKG4nmRx3ZL/XqG/Fd6SIyPUus23DIvm/Q=
github.com/gopherjs/gopherjs v0.0.0-20181004052249-0fee806ad497/go.mod h1:wJfORRmW1u3UXTncJ5qlYoELFm8eSnnEO6hX4iZ3EWY=
github.com/gopherjs/jquery v0.0.0-20151020083714-fbbfc4bbe29a h1:weMA9gU+G5BrBBBPaS/gRwHhD1+IAUgpnG05s5N9boE=
github.com/gopherjs/jquery v0.0.0-20151020083714-fbbfc4bbe29a/go.mod h1:xKR3tvLne+vYYPH9d4DM8X9MKlNV2yXDEomxulcK218=
github.com/gopherjs/jsbuiltin v0.0.0-20170427220125-67703bfb044e h1:IQ+8CE5oBzuXnrTl85ohGltMQt0edvNKdKvM//6Yb6I=
github.com/gopherjs/jsbuiltin v0.0.0-20170427220125-67703bfb044e/go.mod h1:7X1acUyFRf+oVFTU6SWw9mnb57Vxn+Nbh8iPbKg95hs=
github.com/gorilla/websocket v1.2.0 h1:VJtLvh6VQym50czpZzx07z/kw9EgAxI3x1ZB8taTMQQ=
github.com/gorilla/websocket v1.2.0/go.mod h1:E7qHFY5m1UJ88s3WnNqhKjPHQ0heANvMoAMk2YaljkQ=
github.com/hjfreyer/taglib-go v0.0.0-20151027170453-0ef8bba9c41b h1:Q4OOFmH18aIjnDJlvYm4BXmpHKXk1zTJP0QZ0otNwPs=
github.com/hjfreyer/taglib-go v0.0.0-20151027170453-0ef8bba9c41b/go.mod h1:eSDoUM0WCOj3y5CUX9yQVbMSlGd4YSd/ukmLIhxLZaI=
github.com/inconshreveable/mousetrap v1.0.0/go.mod h1:PxqpIevigyE2G7u3NXJIT2ANytuPF1OarO4DADm73n8=
github.com/jmespath/go-jmespath v0.0.0-20160202185014-0b12d6b521d8 h1:12VvqtR6Aowv3l/EQUlocDHW2Cp4G9WJVH7uyH8QFJE=
github.com/jmespath/go-jmespath v0.0.0-20160202185014-0b12d6b521d8/go.mod h1:Nht3zPeWKUH0NzdCt2Blrr5ys8VGpn0CEB0cQHVjt7k=
github.com/kardianos/osext v0.0.0-20151222153229-29ae4ffbc9a6/go.mod h1:1NbS8ALrpOvjt0rHPNLyCIeMtbizbir8U//inJ+zuB8=
github.com/kisielk/gotool v0.0.0-20161130080628-0de1eaf82fa3 h1:s/sV9geKJwXXzcrFiQdiiIFgfesbREplXWR9ZFgnGSQ=
github.com/kisielk/gotool v0.0.0-20161130080628-0de1eaf82fa3/go.mod h1:jxZFDH7ILpTPQTk+E2s+z4CUas9lVNjIuKR4c5/zKgM=
github.com/kr/fs v0.1.0 h1:Jskdu9ieNAYnjxsi0LbQp1ulIKZV1LAFgK1tWhpZgl8=
github.com/kr/fs v0.1.0/go.mod h1:FFnZGqtBN9Gxj7eW1uZ42v5BccTP0vu6NEaFoC2HwRg=
github.com/lib/pq v0.0.0-20130607063955-9afcd9aa7931 h1:iG6qKXF9fh1vkUvi+5NCgWY+4Yms+rYZfXrtZzZt978=
github.com/lib/pq v0.0.0-20130607063955-9afcd9aa7931/go.mod h1:5WUZQaWbwv1U+lTReE5YruASi9Al49XbQIvNi/34Woo=
github.com/mailgun/mailgun-go v0.0.0-20171127222028-17e8bd11e87c h1:5huPh/MfWW65cx8KWNVD4mCCnwIrNiX4bFJR5OeONg0=
github.com/mailgun/mailgun-go v0.0.0-20171127222028-17e8bd11e87c/go.mod h1:NWTyU+O4aczg/nsGhQnvHL6v2n5Gy6Sv5tNDVvC6FbU=
github.com/mattn/go-mastodon v0.0.0-20180129050910-2ccbcfe14d7a h1:txGIN+D91MQK+0mQc6KKDNgHNwJ0jespJ3VeKAbjSZ8=
github.com/mattn/go-mastodon v0.0.0-20180129050910-2ccbcfe14d7a/go.mod h1:/OSOSDJyV0OUlBuDV0Qrllizt3BJNj4Ir5xhckYRVmg=
github.com/mattn/go-sqlite3 v1.6.0/go.mod h1:FPy6KqzDD04eiIsT53CuJW3U88zkxoIYsOqkbpncsNc=
github.com/miekg/dns v0.0.0-20161003181808-3f1f7c8ec9ea h1:OeKTTfcv1UiDsqNpa0rb8hbcH1WFoh9Lx7rgyiQeQvs=
github.com/miekg/dns v0.0.0-20161003181808-3f1f7c8ec9ea/go.mod h1:W1PPwlIAgtquWBMBEV9nkV9Cazfe8ScdGz/Lj7v3Nrg=
github.com/neelance/astrewrite v0.0.0-20160511093645-99348263ae86 h1:D6paGObi5Wud7xg83MaEFyjxQB1W5bz5d0IFppr+ymk=
github.com/neelance/astrewrite v0.0.0-20160511093645-99348263ae86/go.mod h1:kHJEU3ofeGjhHklVoIGuVj85JJwZ6kWPaJwCIxgnFmo=
github.com/neelance/sourcemap v0.0.0-20151028013722-8c68805598ab h1:eFXv9Nu1lGbrNbj619aWwZfVF5HBrm9Plte8aNptuTI=
github.com/neelance/sourcemap v0.0.0-20151028013722-8c68805598ab/go.mod h1:Qr6/a/Q4r9LP1IltGz7tA7iOK1WonHEYhu1HRBA7ZiM=
github.com/nf/cr2 v0.0.0-20140528043846-05d46fef4f2f h1:nyKdx+jcykIdxGNrbgo/TGjdGi99EY9FKBCjYAUS4bU=
github.com/nf/cr2 v0.0.0-20140528043846-05d46fef4f2f/go.mod h1:HazDB3gS/i//QXMMRmTAV7Ni9gAi4mDNTH2HjZ5aVgU=
github.com/pkg/errors v0.8.0 h1:WdK/asTD0HN+q6hsWO3/vpuAkAr+tw6aNJNDFFf0+qw=
github.com/pkg/errors v0.8.0/go.mod h1:bwawxfHBFNV+L2hUp1rHADufV3IMtnDRdf1r5NINEl0=
github.com/pkg/sftp v0.0.0-20180419200840-5bf2a174b604 h1:UwroZOlj0TBw175tcq/HdTB0XssY/5HizYVRg4zwsU8=
github.com/pkg/sftp v0.0.0-20180419200840-5bf2a174b604/go.mod h1:NxmoDg/QLVWluQDUYG7XBZTLUpKeFa8e3aMf1BfjyHk=
github.com/plaid/plaid-go v0.0.0-20161222051224-02b6af68061b h1:Don6I/E8nLCT6gdBi1sKB9hYxkx/24YD7XWwSly8IEo=
github.com/plaid/plaid-go v0.0.0-20161222051224-02b6af68061b/go.mod h1:c7cDT1Lkcr0AgKJGVIG+oCa07jOrrg4Um8nduQ1eQN0=
github.com/russross/blackfriday v0.0.0-20170806171014-cadec560ec52/go.mod h1:JO/DiYxRf+HjHt06OyowR9PTA263kcR/rfWxYHBV53g=
github.com/russross/blackfriday v2.0.0+incompatible h1:cBXrhZNUf9C+La9/YpS+UHpUT8YD6Td9ZMSU9APFcsk=
github.com/russross/blackfriday v2.0.0+incompatible/go.mod h1:JO/DiYxRf+HjHt06OyowR9PTA263kcR/rfWxYHBV53g=
github.com/rwcarlsen/goexif v0.0.0-20180518182100-8d986c03457a h1:ZDZdsnbMuRSoVbq1gR47o005lfn2OwODNCr23zh9gSk=
github.com/rwcarlsen/goexif v0.0.0-20180518182100-8d986c03457a/go.mod h1:hPqNNc0+uJM6H+SuU8sEs5K5IQeKccPqeSjfgcKGgPk=
github.com/shurcooL/httpfs v0.0.0-20171119174359-809beceb2371 h1:SWV2fHctRpRrp49VXJ6UZja7gU9QLHwRpIPBN89SKEo=
github.com/shurcooL/httpfs v0.0.0-20171119174359-809beceb2371/go.mod h1:ZY1cvUeJuFPAdZ/B6v7RHavJWZn2YPVFQ1OSXhCGOkg=
github.com/shurcooL/sanitized_anchor_name v0.0.0-20150515002706-11a20b799bf2 h1:YSuCoQrOAAaaU7L/VkFo9UilOcMV19Po32oJAnflq5U=
github.com/shurcooL/sanitized_anchor_name v0.0.0-20150515002706-11a20b799bf2/go.mod h1:1NzhyTcUVG4SuEtjjoZeVRXNmyL/1OwPU0+IJeTBvfc=
github.com/spf13/cobra v0.0.0-20160322171042-c678ff029ee2 h1:ZUpMwiqoxlvb/9AuwEkR5ISR/oUsgztJiMykpL5lU2w=
github.com/spf13/cobra v0.0.0-20160322171042-c678ff029ee2/go.mod h1:1l0Ry5zgKvJasoi3XT1TypsSe7PqH0Sj9dhYf7v3XqQ=
github.com/spf13/pflag v0.0.0-20151218134703-7f60f83a2c81 h1:e8OMOPK+iXlzdnq5GOtSZDnw9HJi1faEKhCoEIxVUrY=
github.com/spf13/pflag v0.0.0-20151218134703-7f60f83a2c81/go.mod h1:DYY7MBk1bdzusC3SYhjObp+wFpr4gzcvqqNjLnInEg4=
github.com/syndtr/goleveldb v0.0.0-20180608030153-db3ee9ee8931 h1:2zIFG6OP0ab/aqPljiAz1WMBGbg63kXTHGab7PueE6s=
github.com/syndtr/goleveldb v0.0.0-20180608030153-db3ee9ee8931/go.mod h1:Z4AUp2Km+PwemOoO/VB5AOx9XSsIItzFjoJlOSiYmn0=
github.com/tgulacsi/picago v0.0.0-20171229130838-9e1ac2306c70 h1:elvpffAnrLcWnsunBkvTwxr+Q79bPSNT1+2/pOFkCj0=
github.com/tgulacsi/picago v0.0.0-20171229130838-9e1ac2306c70/go.mod h1:YOW4MCz1GRh0aqedyC48A1CRXSHngOB/O/4+1rUjDQg=
github.com/tomnomnom/linkheader v0.0.0-20160328204959-6953a30d4443 h1:ovXpn6PhLkPmw2ye8Swvy6BG/Vs3LLrlTu9nOViuoyU=
github.com/tomnomnom/linkheader v0.0.0-20160328204959-6953a30d4443/go.mod h1:iFyPdL66DjUD96XmzVL3ZntbzcflLnznH0fr99w5VqE=
go4.org v0.0.0-20180413184151-a2a47940e6bc h1:poolp8Py6LYswolW85K75U8L42AkHWBv/+ewlI/ZHA0=
go4.org v0.0.0-20180413184151-a2a47940e6bc/go.mod h1:MkTOUMDaeVYJUOUsaDXIhWPZYa1yOyC1qaOBpL57BhE=
golang.org/x/crypto v0.0.0-20180606015541-b47b15873692 h1:O9W34I8ef1ifsNUjJoqTsouE17HSL5RVJNn9pLMf7Og=
golang.org/x/crypto v0.0.0-20180606015541-b47b15873692/go.mod h1:6SG95UA2DQfeDnfUPMdvaQW0Q7yPrPDi9nlGo2tz2b4=
golang.org/x/crypto v0.0.0-20180723164146-c126467f60eb h1:Ah9YqXLj6fEgeKqcmBuLCbAsrF3ScD7dJ/bYM0C6tXI=
golang.org/x/crypto v0.0.0-20180723164146-c126467f60eb/go.mod h1:6SG95UA2DQfeDnfUPMdvaQW0Q7yPrPDi9nlGo2tz2b4=
golang.org/x/image v0.0.0-20171214225156-12117c17ca67 h1:L8S612DBEq9tpLTxczHuhrf5il+KEdSha8b5A5njQMc=
golang.org/x/image v0.0.0-20171214225156-12117c17ca67/go.mod h1:ux5Hcp/YLpHSI86hEcLt0YII63i6oz57MZXIpbrjZUs=
golang.org/x/net v0.0.0-20171212005608-d866cfc389ce h1:4g3VPcb++AP2cNa6CQ0iACUoH7J/3Jxojq0mmJun9A4=
golang.org/x/net v0.0.0-20171212005608-d866cfc389ce/go.mod h1:mL1N/T3taQHkDXs73rZJwtUhF3w3ftmwwsq0BUmARs4=
golang.org/x/oauth2 v0.0.0-20171226133531-197281d4e0ec h1:/sMX8vAwlF0KPCeCAabp8cNEtRo2MaVwYUlJIUWmEzg=
golang.org/x/oauth2 v0.0.0-20171226133531-197281d4e0ec/go.mod h1:N/0e6XlmueqKjAGxoOufVs8QHGRruUQn6yWY3a++T0U=
golang.org/x/sync v0.0.0-20171101214715-fd80eb99c8f6 h1:UWryf0el5qwmY5cBTqoyWVa4RPACJRSurjt+KoT0fF0=
golang.org/x/sync v0.0.0-20171101214715-fd80eb99c8f6/go.mod h1:RxMgew5VJxzue5/jJTE5uejpjVlOe/izrB70Jof72aM=
golang.org/x/sys v0.0.0-20180115085844-fff93fa7cd27 h1:2eRo0KjjtlqyGRczC03D310MeTk4ou0riPh/bEjOb2U=
golang.org/x/sys v0.0.0-20180115085844-fff93fa7cd27/go.mod h1:STP8DvDyc/dI5b8T5hshtkjS+E42TnysNCUPdjciGhY=
golang.org/x/text v0.0.0-20171102192421-88f656faf3f3 h1:TtrmcC9vFAjk6IwmXFdqQovdiZxrqQycAYaeCHauPKU=
golang.org/x/text v0.0.0-20171102192421-88f656faf3f3/go.mod h1:NqM8EUOU14njkJ3fqMW+pc6Ldnwhi/IjpwHt7yyuwOQ=
golang.org/x/time v0.0.0-20160202183820-a4bde1265759 h1:FiPuVGc0Ud5ZYQtBWih0NKTBODXFhxDmOCkzlCXkguA=
golang.org/x/time v0.0.0-20160202183820-a4bde1265759/go.mod h1:tRJNPiyCQ0inRvYxbN9jk5I+vvW/OXSQhTDSoE431IQ=
golang.org/x/tools v0.0.0-20170915040203-e531a2a1c15f h1:2bTOCVQtYN868SqJlTyB1SOrvrmeurDB7H5ylUynHsY=
golang.org/x/tools v0.0.0-20170915040203-e531a2a1c15f/go.mod h1:n7NCudcB/nEzxVGmLbDWY5pfWTLqBcC2KZ6jyYvM4mQ=
google.golang.org/api v0.0.0-20170327174102-48e49d1645e2 h1:LoZZN9cn36HPHmHvxa+FNkIVOP/wGTn88adXVq2HdHc=
google.golang.org/api v0.0.0-20170327174102-48e49d1645e2/go.mod h1:4mhQ8q/RsB7i+udVvVy5NUi08OU8ZlA0gRVgrF7VFY0=
google.golang.org/appengine v1.0.0/go.mod h1:EbEs0AVv82hx2wNQdGPgUI5lhzA/G0D9YwlJXL52JkM=
google.golang.org/genproto v0.0.0-20161115011420-08f135d1a31b h1:Hv43b4Ui6huCuI6d8EocwqyowDyWsb2xJ+/8nmSq6M4=
google.golang.org/genproto v0.0.0-20161115011420-08f135d1a31b/go.mod h1:JiN7NxoALGmiZfu7CAH4rXhgtRTLTxftemlI0sWmxmc=
google.golang.org/grpc v1.13.0 h1:bHIbVsCwmvbArgCJmLdgOdHFXlKqTOVjbibbS19cXHc=
google.golang.org/grpc v1.13.0/go.mod h1:yo6s7OP7yaDglbqo1J04qKzAhqBH6lvTonzMVmEdcZw=
google.golang.org/grpc v1.14.0 h1:ArxJuB1NWfPY6r9Gp9gqwplT0Ge7nqv9msgu03lHLmo=
google.golang.org/grpc v1.14.0/go.mod h1:yo6s7OP7yaDglbqo1J04qKzAhqBH6lvTonzMVmEdcZw=
gopkg.in/mgo.v2 v2.0.0-20160818020120-3f83fa500528 h1:/saqWwm73dLmuzbNhe92F0QsZ/KiFND+esHco2v1hiY=
gopkg.in/mgo.v2 v2.0.0-20160818020120-3f83fa500528/go.mod h1:yeKp02qBN3iKW1OzL3MGk2IdtZzaj7SFntXj72NppTA=
honnef.co/go/js/dom v0.0.0-20160310112645-24aa052bc5c6 h1:tt1qVqcZt6cRcvoUTMBbCnLEkjm2o4WGMkF0mE9Fx3s=
honnef.co/go/js/dom v0.0.0-20160310112645-24aa052bc5c6/go.mod h1:sUMDUKNB2ZcVjt92UnLy3cdGs+wDAcrPdV3JP6sVgA4=
myitcv.io v0.0.0-20180717150903-bf2c84553c78 h1:Hc0gqDZHlmLo4xohfx/0/azkaztHW1CAFSXa4ygFoqI=
myitcv.io v0.0.0-20180717150903-bf2c84553c78/go.mod h1:eZGravSD0Y1vesgGXvhvceVMg34vGeRCYvzHtT9nX1k=
rsc.io/pdf v0.0.0-20170302045715-1d34785eb915 h1:Deg3CmTFQ+bWVBNEjlhrfNsSl2/YI20/XNKCxBX5aVg=
rsc.io/pdf v0.0.0-20170302045715-1d34785eb915/go.mod h1:n8OzWcQ6Sp37PL01nO98y4iUCRdTGarVfzxY20ICaU4=
rsc.io/qr v0.1.0 h1:M/sAxsU2J5mlQ4W84Bxga2EgdQqOaAliipcjPmMUM5Q=
rsc.io/qr v0.1.0/go.mod h1:IF+uZjkb9fqyeF/4tlBoynqmQxUoPfWEKh921coOuXs=
