bazil.org/fuse v0.0.0-20160811212531-371fbbdaa898 h1:SC+c6A1qTFstO9qmB86mPV2IpYme/2ZoEQ0hrP+wo+Q=
bazil.org/fuse v0.0.0-20160811212531-371fbbdaa898/go.mod h1:Xbm+BRKSBEpa4q4hTSxohYNQpsxXPbPry4JJWOB3LB8=
cloud.google.com/go v0.26.0/go.mod h1:aQUYkXzVsufM+DwF1aE+0xfcU+56JwCaLick0ClmMTw=
cloud.google.com/go v0.34.0/go.mod h1:aQUYkXzVsufM+DwF1aE+0xfcU+56JwCaLick0ClmMTw=
cloud.google.com/go v0.39.0 h1:UgQP9na6OTfp4dsAiz/eFpFA1C6tPdH5wiRdi19tuMw=
cloud.google.com/go v0.39.0/go.mod h1:rVLT6fkc8chs9sfPtFc1SBH6em7n+ZoXaG+87tDISts=
github.com/BurntSushi/toml v0.3.1/go.mod h1:xHWCNGjB5oqiDr8zfno3MHue2Ht5sIBksp03qcyfWMU=
github.com/FiloSottile/b2 v0.0.0-20170207175032-b197f7a2c317 h1:1GuMjC4tjfwnWBdoTS7YqtQ3JIsEft6NRcdmXdzvYYc=
github.com/FiloSottile/b2 v0.0.0-20170207175032-b197f7a2c317/go.mod h1:3DBotXAz3n/g1px/orhrK7xBJLjfaJRRrsEAJiUYEtY=
github.com/PuerkitoBio/goquery v1.5.0/go.mod h1:qD2PgZ9lccMbQlc7eEOjaeRlFQON7xY8kdmcsrnKqMg=
github.com/andybalholm/cascadia v1.0.0/go.mod h1:GsXiBklL0woXo1j/WYWtSYYC4ouU9PqHO0sqidkEA4Y=
github.com/aws/aws-sdk-go v1.14.31 h1:amhorvKh1zNxo9YCntvA5uDmgw+pCYXOp4xO8WS1oDg=
github.com/aws/aws-sdk-go v1.14.31/go.mod h1:mFuSZ37Z9YOHbQEwBWztmVzqXrEkub65tZoCYDt7FT0=
github.com/bradfitz/latlong v0.0.0-20140711231157-b74550508561 h1:mz4equOOUOnI4q5E7dyHlRx1x63YEaYwhlVluCDila4=
github.com/bradfitz/latlong v0.0.0-20140711231157-b74550508561/go.mod h1:ZcXX9BndVQx6Q/JM6B8x7dLE9sl20S+TQsv4KO7tEQk=
github.com/client9/misspell v0.3.4/go.mod h1:qj6jICC3Q7zFZvVWo7KLAzC3yx5G7kyvSDkc90ppPyw=
github.com/cznic/fileutil v0.0.0-20180108211300-6a051e75936f h1:7uSNgsgcarNk4oiN/nNkO0J7KAjlsF5Yv5Gf/tFdHas=
github.com/cznic/fileutil v0.0.0-20180108211300-6a051e75936f/go.mod h1:8S58EK26zhXSxzv7NQFpnliaOQsmDUxvoQO3rt154Vg=
github.com/cznic/internal v0.0.0-20170905175358-4747030f7cf2 h1:awMC34B84ytFodqjXrYHx79m3xJciAL2cuGZMwadhEo=
github.com/cznic/internal v0.0.0-20170905175358-4747030f7cf2/go.mod h1:olo7eAdKwJdXxb55TKGLiJ6xt1H0/tiiRCWKVLmtjY4=
github.com/cznic/kv v0.0.0-20170515202733-892ccf731fb7 h1:G0icxs3Q69G0z/YXc9Yuh5x2AGMyPigES+yu3TFi7jo=
github.com/cznic/kv v0.0.0-20170515202733-892ccf731fb7/go.mod h1:J9vPsG5aOQu5A836WgCTIb9xkiB9w1birknxIQmyWXY=
github.com/cznic/lldb v1.1.0 h1:AIA+ham6TSJ+XkMe8imQ/g8KPzMUVWAwqUQQdtuMsHs=
github.com/cznic/lldb v1.1.0/go.mod h1:FIZVUmYUVhPwRiPzL8nD/mpFcJ/G7SSXjjXYG4uRI3A=
github.com/cznic/mathutil v0.0.0-20180214153908-5455a562bccb h1:IvBItodX/Mt7Az1xwvkGkzQj3yG4u4Gk5uGF14eJgXM=
github.com/cznic/mathutil v0.0.0-20180214153908-5455a562bccb/go.mod h1:e6NPNENfs9mPDVNRekM7lKScauxd5kXTr1Mfyig6TDM=
github.com/cznic/sortutil v0.0.0-20150617083342-4c7342852e65 h1:hxuZop6tSoOi0sxFzoGGYdRqNrPubyaIf9KoBG9tPiE=
github.com/cznic/sortutil v0.0.0-20150617083342-4c7342852e65/go.mod h1:q2w6Bg5jeox1B+QkJ6Wp/+Vn0G/bo3f1uY7Fn3vivIQ=
github.com/cznic/zappy v0.0.0-20160723133515-2533cb5b45cc h1:YKKpTb2BrXN2GYyGaygIdis1vXbE7SSAG9axGWIMClg=
github.com/cznic/zappy v0.0.0-20160723133515-2533cb5b45cc/go.mod h1:Y1SNZ4dRUOKXshKUbwUapqNncRrho4mkjQebgEHZLj8=
github.com/davecgh/go-spew v1.1.0 h1:ZDRjVQ15GmhC3fiQ8ni8+OwkZQO4DARzQgrnXU1Liz8=
github.com/davecgh/go-spew v1.1.0/go.mod h1:J7Y8YcW2NihsgmVo/mv3lAwl/skON4iLHjSsI+c5H38=
github.com/edsrzf/mmap-go v0.0.0-20170320065105-0bce6a688712 h1:aaQcKT9WumO6JEJcRyTqFVq4XUZiUcKR2/GI31TOcz8=
github.com/edsrzf/mmap-go v0.0.0-20170320065105-0bce6a688712/go.mod h1:YO35OhQPt3KJa3ryjFM5Bs14WD66h8eGKpfaBNrHW5M=
github.com/facebookgo/ensure v0.0.0-20160127193407-b4ab57deab51 h1:0JZ+dUmQeA8IIVUMzysrX4/AKuQwWhV2dYQuPZdvdSQ=
github.com/facebookgo/ensure v0.0.0-20160127193407-b4ab57deab51/go.mod h1:Yg+htXGokKKdzcwhuNDwVvN+uBxDGXJ7G/VN1d8fa64=
github.com/facebookgo/stack v0.0.0-20160209184415-751773369052 h1:JWuenKqqX8nojtoVVWjGfOF9635RETekkoH6Cc9SX0A=
github.com/facebookgo/stack v0.0.0-20160209184415-751773369052/go.mod h1:UbMTZqLaRiH3MsBH8va0n7s1pQYcu3uTb8G4tygF4Zg=
github.com/facebookgo/subset v0.0.0-20150612182917-8dac2c3c4870 h1:E2s37DuLxFhQDg5gKsWoLBOB0n+ZW8s599zru8FJ2/Y=
github.com/facebookgo/subset v0.0.0-20150612182917-8dac2c3c4870/go.mod h1:5tD+neXqOorC30/tWg0LCSkrqj/AR6gu8yY8/fpw1q0=
github.com/fatih/color v1.7.0/go.mod h1:Zm6kSWBoL9eyXnKyktHP6abPY2pDugNf5KwzbycvMj4=
github.com/fsnotify/fsnotify v1.4.7 h1:IXs+QLmnXW2CcXuY+8Mzv/fWEsPGWxqefPtCP5CnV9I=
github.com/fsnotify/fsnotify v1.4.7/go.mod h1:jwhsz4b93w/PPRr/qN1Yymfu8t87LnFCMoQvtojpjFo=
github.com/garyburd/go-oauth v0.0.0-20180319155456-bca2e7f09a17 h1:GOfMz6cRgTJ9jWV0qAezv642OhPnKEG7gtUjJSdStHE=
github.com/garyburd/go-oauth v0.0.0-20180319155456-bca2e7f09a17/go.mod h1:HfkOCN6fkKKaPSAeNq/er3xObxTW4VLeY6UUK895gLQ=
github.com/go-ini/ini v1.25.4/go.mod h1:ByCAeIL28uOIIG0E3PJtZPDL8WnHpFKFOtgjp+3Ies8=
github.com/go-ini/ini v1.38.1 h1:hbtfM8emWUVo9GnXSloXYyFbXxZ+tG6sbepSStoe1FY=
github.com/go-ini/ini v1.38.1/go.mod h1:ByCAeIL28uOIIG0E3PJtZPDL8WnHpFKFOtgjp+3Ies8=
github.com/go-sql-driver/mysql v1.4.1-0.20180719071942-99ff426eb706 h1:6V8xVlmRsgO5v8TJMTkYpg2hzmH2RM7HpkgtDtup4nM=
github.com/go-sql-driver/mysql v1.4.1-0.20180719071942-99ff426eb706/go.mod h1:zAC/RDZ24gD3HViQzih4MyKcchzm+sOG5ZlKdlhCg5w=
github.com/golang/glog v0.0.0-20160126235308-23def4e6c14b h1:VKtxabqXZkF25pY9ekfRL6a582T4P37/31XEstQ5p58=
github.com/golang/glog v0.0.0-20160126235308-23def4e6c14b/go.mod h1:SBH7ygxi8pfUlaOkMMuAQtPIUF8ecWP5IEl/CR7VP2Q=
github.com/golang/mock v1.1.1/go.mod h1:oTYuIxOrZwtPieC+H1uAHpcLFnEyAGVDL/k47Jfbm0A=
github.com/golang/mock v1.2.0/go.mod h1:oTYuIxOrZwtPieC+H1uAHpcLFnEyAGVDL/k47Jfbm0A=
github.com/golang/protobuf v1.2.0 h1:P3YflyNX/ehuJFLhxviNdFxQPkGK5cDcApsge1SqnvM=
github.com/golang/protobuf v1.2.0/go.mod h1:6lQm79b+lXiMfvg/cZm0SGofjICqVBUtrP5yJMmIC1U=
github.com/golang/protobuf v1.3.1 h1:YF8+flBXS5eO826T4nzqPrxfhQThhXl0YzfuUPu4SBg=
github.com/golang/protobuf v1.3.1/go.mod h1:6lQm79b+lXiMfvg/cZm0SGofjICqVBUtrP5yJMmIC1U=
github.com/golang/snappy v0.0.0-20170215233205-553a64147049 h1:K9KHZbXKpGydfDN0aZrsoHpLJlZsBrGMFWbgLDGnPZk=
github.com/golang/snappy v0.0.0-20170215233205-553a64147049/go.mod h1:/XxbfmMg8lxefKM7IXC3fBNl/7bRcc72aCRzEWrmP2Q=
github.com/google/btree v0.0.0-20180813153112-4030bb1f1f0c/go.mod h1:lNA+9X1NB3Zf8V7Ke586lFgjr2dZNuvo3lPJSGZ5JPQ=
github.com/google/go-cmp v0.2.0/go.mod h1:oXzfMopK8JAjlY9xF4vHSVASa0yLyX7SntLO5aqRK0M=
github.com/google/go-cmp v0.3.0 h1:crn/baboCvb5fXaQ0IJ1SGTsTVrWpDsCWC8EGETZijY=
github.com/google/go-cmp v0.3.0/go.mod h1:8QqcDgzrUqlUb/G2PQTWiueGozuR1884gddMywk6iLU=
github.com/google/martian v2.1.0+incompatible h1:/CP5g8u/VJHijgedC/Legn3BAbAaWPgecwXBIDzw5no=
github.com/google/martian v2.1.0+incompatible/go.mod h1:9I4somxYTbIHy5NJKHRl3wXiIaQGbYVAs8BPL6v8lEs=
github.com/google/pprof v0.0.0-20181206194817-3ea8567a2e57/go.mod h1:zfwlbNMJ+OItoe0UupaVj+oy1omPYYDuagoSzA8v9mc=
github.com/googleapis/gax-go/v2 v2.0.4 h1:hU4mGcQI4DaAYW+IbTun+2qEZVFxK0ySjQLTbS0VQKc=
github.com/googleapis/gax-go/v2 v2.0.4/go.mod h1:0Wqv26UfaUD9n4G6kQubkQ+KchISgw+vpHVxEJEs9eg=
github.com/gopherjs/gopherjs v0.0.0-20181017120253-0766667cb4d1 h1:EGx4pi6eqNxGaHF6qqu48+N2wcFQ5qg5FXgOdqsJ5d8=
github.com/gopherjs/gopherjs v0.0.0-20181017120253-0766667cb4d1/go.mod h1:wJfORRmW1u3UXTncJ5qlYoELFm8eSnnEO6hX4iZ3EWY=
github.com/gopherjs/jquery v0.0.0-20180404123100-3ba2b901425e h1:Tf0PnEo36tq56/JezxbbiFpEce0pmK6tY7hS6PNS7tI=
github.com/gopherjs/jquery v0.0.0-20180404123100-3ba2b901425e/go.mod h1:xKR3tvLne+vYYPH9d4DM8X9MKlNV2yXDEomxulcK218=
github.com/gorilla/websocket v1.4.0 h1:WDFjx/TMzVgy9VdMMQi2K2Emtwi2QcUQsztZ/zLaH/Q=
github.com/gorilla/websocket v1.4.0/go.mod h1:E7qHFY5m1UJ88s3WnNqhKjPHQ0heANvMoAMk2YaljkQ=
github.com/hashicorp/golang-lru v0.5.0/go.mod h1:/m3WP610KZHVQ1SGc6re/UDhFvYD7pJ4Ao+sR/qLZy8=
github.com/hashicorp/golang-lru v0.5.1 h1:0hERBMJE1eitiLkihrMvRVBYAkpHzc/J3QdDN+dAcgU=
github.com/hashicorp/golang-lru v0.5.1/go.mod h1:/m3WP610KZHVQ1SGc6re/UDhFvYD7pJ4Ao+sR/qLZy8=
github.com/hjfreyer/taglib-go v0.0.0-20151027170453-0ef8bba9c41b h1:Q4OOFmH18aIjnDJlvYm4BXmpHKXk1zTJP0QZ0otNwPs=
github.com/hjfreyer/taglib-go v0.0.0-20151027170453-0ef8bba9c41b/go.mod h1:eSDoUM0WCOj3y5CUX9yQVbMSlGd4YSd/ukmLIhxLZaI=
github.com/hpcloud/tail v1.0.0 h1:nfCOvKYfkgYP8hkirhJocXT2+zOD8yUNjXaWfTlyFKI=
github.com/hpcloud/tail v1.0.0/go.mod h1:ab1qPbhIpdTxEkNHXyeSf5vhxWSCs/tWer42PpOxQnU=
github.com/jmespath/go-jmespath v0.0.0-20160202185014-0b12d6b521d8 h1:12VvqtR6Aowv3l/EQUlocDHW2Cp4G9WJVH7uyH8QFJE=
github.com/jmespath/go-jmespath v0.0.0-20160202185014-0b12d6b521d8/go.mod h1:Nht3zPeWKUH0NzdCt2Blrr5ys8VGpn0CEB0cQHVjt7k=
github.com/jonas-p/go-shp v0.1.1 h1:LY81nN67DBCz6VNFn2kS64CjmnDo9IP8rmSkTvhO9jE=
github.com/jonas-p/go-shp v0.1.1/go.mod h1:MRIhyxDQ6VVp0oYeD7yPGr5RSTNScUFKCDsI5DR7PtI=
github.com/jstemmer/go-junit-report v0.0.0-20190106144839-af01ea7f8024/go.mod h1:6v2b51hI/fHJwM22ozAgKL4VKDeJcHhJFhtBdhmNjmU=
github.com/jtolds/gls v4.20.0+incompatible h1:xdiiI2gbIgH/gLH7ADydsJ1uDOEzR8yvV7C0MuV77Wo=
github.com/jtolds/gls v4.20.0+incompatible/go.mod h1:QJZ7F/aHp+rZTRtaJ1ow/lLfFfVYBRgL+9YlvaHOwJU=
github.com/kr/fs v0.1.0 h1:Jskdu9ieNAYnjxsi0LbQp1ulIKZV1LAFgK1tWhpZgl8=
github.com/kr/fs v0.1.0/go.mod h1:FFnZGqtBN9Gxj7eW1uZ42v5BccTP0vu6NEaFoC2HwRg=
github.com/kr/pretty v0.1.0 h1:L/CwN0zerZDmRFUapSPitk6f+Q3+0za1rQkzVuMiMFI=
github.com/kr/pretty v0.1.0/go.mod h1:dAy3ld7l9f0ibDNOQOHHMYYIIbhfbHSm3C4ZsoJORNo=
github.com/kr/pty v1.1.1/go.mod h1:pFQYn66WHrOpPYNljwOMqo10TkYh1fy3cYio2l3bCsQ=
github.com/kr/text v0.1.0 h1:45sCR5RtlFHMR4UwH9sdQ5TC8v0qDQCHnXt+kaKSTVE=
github.com/kr/text v0.1.0/go.mod h1:4Jbv+DJW3UT/LiOwJeYQe1efqtUx/iVham/4vfdArNI=
github.com/lib/pq v0.0.0-20130607063955-9afcd9aa7931 h1:iG6qKXF9fh1vkUvi+5NCgWY+4Yms+rYZfXrtZzZt978=
github.com/lib/pq v0.0.0-20130607063955-9afcd9aa7931/go.mod h1:5WUZQaWbwv1U+lTReE5YruASi9Al49XbQIvNi/34Woo=
github.com/lib/pq v1.1.1 h1:sJZmqHoEaY7f+NPP8pgLB/WxulyR3fewgCM2qaSlBb4=
github.com/lib/pq v1.1.1/go.mod h1:5WUZQaWbwv1U+lTReE5YruASi9Al49XbQIvNi/34Woo=
github.com/mailgun/mailgun-go v0.0.0-20171127222028-17e8bd11e87c h1:5huPh/MfWW65cx8KWNVD4mCCnwIrNiX4bFJR5OeONg0=
github.com/mailgun/mailgun-go v0.0.0-20171127222028-17e8bd11e87c/go.mod h1:NWTyU+O4aczg/nsGhQnvHL6v2n5Gy6Sv5tNDVvC6FbU=
github.com/mattn/go-colorable v0.1.1/go.mod h1:FuOcm+DKB9mbwrcAfNl7/TZVBZ6rcnceauSikq3lYCQ=
github.com/mattn/go-isatty v0.0.5/go.mod h1:Iq45c/XA43vh69/j3iqttzPXn0bhXyGjM0Hdxcsrc5s=
github.com/mattn/go-isatty v0.0.7/go.mod h1:Iq45c/XA43vh69/j3iqttzPXn0bhXyGjM0Hdxcsrc5s=
github.com/mattn/go-mastodon v0.0.5-0.20190517015615-8f6192e26b66 h1:TbnaLJhq+sFuqZ1wxdfF5Uk7A2J41iOobCCFnLI+RPE=
github.com/mattn/go-mastodon v0.0.5-0.20190517015615-8f6192e26b66/go.mod h1:ZBkemyyYYhNAN5JJ0H/ZSW8HfPCW45rHFHyWNwSfpTA=
github.com/mattn/go-sqlite3 v1.6.0 h1:TDwTWbeII+88Qy55nWlof0DclgAtI4LqGujkYMzmQII=
github.com/mattn/go-sqlite3 v1.6.0/go.mod h1:FPy6KqzDD04eiIsT53CuJW3U88zkxoIYsOqkbpncsNc=
github.com/mattn/go-tty v0.0.0-20190424173100-523744f04859/go.mod h1:XPvLUNfbS4fJH25nqRHfWLMa1ONC8Amw+mIA639KxkE=
github.com/miekg/dns v0.0.0-20161003181808-3f1f7c8ec9ea h1:OeKTTfcv1UiDsqNpa0rb8hbcH1WFoh9Lx7rgyiQeQvs=
github.com/miekg/dns v0.0.0-20161003181808-3f1f7c8ec9ea/go.mod h1:W1PPwlIAgtquWBMBEV9nkV9Cazfe8ScdGz/Lj7v3Nrg=
github.com/nf/cr2 v0.0.0-20140528043846-05d46fef4f2f h1:nyKdx+jcykIdxGNrbgo/TGjdGi99EY9FKBCjYAUS4bU=
github.com/nf/cr2 v0.0.0-20140528043846-05d46fef4f2f/go.mod h1:HazDB3gS/i//QXMMRmTAV7Ni9gAi4mDNTH2HjZ5aVgU=
github.com/onsi/ginkgo v1.6.0/go.mod h1:lLunBs/Ym6LB5Z9jYTR76FiuTmxDTDusOGeTQH+WWjE=
github.com/onsi/ginkgo v1.8.0 h1:VkHVNpR4iVnU8XQR6DBm8BqYjN7CRzw+xKUbVVbbW9w=
github.com/onsi/ginkgo v1.8.0/go.mod h1:lLunBs/Ym6LB5Z9jYTR76FiuTmxDTDusOGeTQH+WWjE=
github.com/onsi/gomega v1.5.0 h1:izbySO9zDPmjJ8rDjLvkA2zJHIo+HkYXHnf7eN7SSyo=
github.com/onsi/gomega v1.5.0/go.mod h1:ex+gbHU/CVuBBDIJjb2X0qEXbFg53c61hWP/1CpauHY=
github.com/pkg/errors v0.8.0 h1:WdK/asTD0HN+q6hsWO3/vpuAkAr+tw6aNJNDFFf0+qw=
github.com/pkg/errors v0.8.0/go.mod h1:bwawxfHBFNV+L2hUp1rHADufV3IMtnDRdf1r5NINEl0=
github.com/pkg/sftp v0.0.0-20180419200840-5bf2a174b604 h1:UwroZOlj0TBw175tcq/HdTB0XssY/5HizYVRg4zwsU8=
github.com/pkg/sftp v0.0.0-20180419200840-5bf2a174b604/go.mod h1:NxmoDg/QLVWluQDUYG7XBZTLUpKeFa8e3aMf1BfjyHk=
github.com/plaid/plaid-go v0.0.0-20161222051224-02b6af68061b h1:Don6I/E8nLCT6gdBi1sKB9hYxkx/24YD7XWwSly8IEo=
github.com/plaid/plaid-go v0.0.0-20161222051224-02b6af68061b/go.mod h1:c7cDT1Lkcr0AgKJGVIG+oCa07jOrrg4Um8nduQ1eQN0=
github.com/pmezard/go-difflib v1.0.0 h1:4DBwDE0NGyQoBHbLQYPwSUPoCMWR5BEzIk/f1lZbAQM=
github.com/pmezard/go-difflib v1.0.0/go.mod h1:iKH77koFhYxTK1pcRnkKkqfTogsbg7gZNVY4sRDYZ/4=
github.com/russross/blackfriday v2.0.0+incompatible h1:cBXrhZNUf9C+La9/YpS+UHpUT8YD6Td9ZMSU9APFcsk=
github.com/russross/blackfriday v2.0.0+incompatible/go.mod h1:JO/DiYxRf+HjHt06OyowR9PTA263kcR/rfWxYHBV53g=
github.com/rwcarlsen/goexif v0.0.0-20180518182100-8d986c03457a h1:ZDZdsnbMuRSoVbq1gR47o005lfn2OwODNCr23zh9gSk=
github.com/rwcarlsen/goexif v0.0.0-20180518182100-8d986c03457a/go.mod h1:hPqNNc0+uJM6H+SuU8sEs5K5IQeKccPqeSjfgcKGgPk=
github.com/shurcooL/sanitized_anchor_name v0.0.0-20150515002706-11a20b799bf2 h1:YSuCoQrOAAaaU7L/VkFo9UilOcMV19Po32oJAnflq5U=
github.com/shurcooL/sanitized_anchor_name v0.0.0-20150515002706-11a20b799bf2/go.mod h1:1NzhyTcUVG4SuEtjjoZeVRXNmyL/1OwPU0+IJeTBvfc=
github.com/smartystreets/assertions v0.0.0-20180927180507-b2de0cb4f26d h1:zE9ykElWQ6/NYmHa3jpm/yHnI4xSofP+UP6SpjHcSeM=
github.com/smartystreets/assertions v0.0.0-20180927180507-b2de0cb4f26d/go.mod h1:OnSkiWE9lh6wB0YB77sQom3nweQdgAjqCqsofrRNTgc=
github.com/smartystreets/goconvey v0.0.0-20190330032615-68dc04aab96a h1:pa8hGb/2YqsZKovtsgrwcDH1RZhVbTKCjLp47XpqCDs=
github.com/smartystreets/goconvey v0.0.0-20190330032615-68dc04aab96a/go.mod h1:syvi0/a8iFYH4r/RixwvyeAJjdLS9QV7WQ/tjFTllLA=
github.com/stretchr/objx v0.1.0/go.mod h1:HFkY916IF+rwdDfMAkV7OtwuqBVzrE8GR6GFx+wExME=
github.com/stretchr/testify v1.3.0 h1:TivCn/peBQ7UY8ooIcPgZFpTNSz0Q2U6UrFlUfqbe0Q=
github.com/stretchr/testify v1.3.0/go.mod h1:M5WIy9Dh21IEIfnGCwXGc5bZfKNJtfHm1UVUgZn+9EI=
github.com/syndtr/goleveldb v0.0.0-20180608030153-db3ee9ee8931 h1:2zIFG6OP0ab/aqPljiAz1WMBGbg63kXTHGab7PueE6s=
github.com/syndtr/goleveldb v0.0.0-20180608030153-db3ee9ee8931/go.mod h1:Z4AUp2Km+PwemOoO/VB5AOx9XSsIItzFjoJlOSiYmn0=
github.com/tgulacsi/picago v0.0.0-20171229130838-9e1ac2306c70 h1:elvpffAnrLcWnsunBkvTwxr+Q79bPSNT1+2/pOFkCj0=
github.com/tgulacsi/picago v0.0.0-20171229130838-9e1ac2306c70/go.mod h1:YOW4MCz1GRh0aqedyC48A1CRXSHngOB/O/4+1rUjDQg=
github.com/tomnomnom/linkheader v0.0.0-20180905144013-02ca5825eb80 h1:nrZ3ySNYwJbSpD6ce9duiP+QkD3JuLCcWkdaehUS/3Y=
github.com/tomnomnom/linkheader v0.0.0-20180905144013-02ca5825eb80/go.mod h1:iFyPdL66DjUD96XmzVL3ZntbzcflLnznH0fr99w5VqE=
github.com/urfave/cli v1.20.0/go.mod h1:70zkFmudgCuE/ngEzBv17Jvp/497gISqfk5gWijbERA=
go.opencensus.io v0.21.0 h1:mU6zScU4U1YAFPHEHYk+3JC4SY7JxgkqS10ZOSyksNg=
go.opencensus.io v0.21.0/go.mod h1:mSImk1erAIZhrmZN+AvHh14ztQfjbGwt4TtuofqLduU=
go4.org v0.0.0-20190218023631-ce4c26f7be8e h1:m9LfARr2VIOW0vsV19kEKp/sWQvZnGobA8JHui/XJoY=
go4.org v0.0.0-20190218023631-ce4c26f7be8e/go.mod h1:MkTOUMDaeVYJUOUsaDXIhWPZYa1yOyC1qaOBpL57BhE=
golang.org/x/crypto v0.0.0-20190308221718-c2843e01d9a2/go.mod h1:djNgcEr1/C05ACkg1iLfiJU5Ep61QUkGW8qpdssI0+w=
golang.org/x/crypto v0.0.0-20190513172903-22d7a77e9e5f h1:R423Cnkcp5JABoeemiGEPlt9tHXFfw5kvc0yqlxRPWo=
golang.org/x/crypto v0.0.0-20190513172903-22d7a77e9e5f/go.mod h1:yigFU9vqHzYiE8UmvKecakEJjdnWj3jj499lnFckfCI=
golang.org/x/exp v0.0.0-20190121172915-509febef88a4/go.mod h1:CJ0aWSM057203Lf6IL+f9T1iT9GByDxfZKAQTCR3kQA=
golang.org/x/image v0.0.0-20190523035834-f03afa92d3ff h1:+2zgJKVDVAz/BWSsuniCmU1kLCjL88Z8/kv39xCI9NQ=
golang.org/x/image v0.0.0-20190523035834-f03afa92d3ff/go.mod h1:kZ7UVZpmo3dzQBMxlp+ypCbDeSB+sBbTgSJuh5dn5js=
golang.org/x/lint v0.0.0-20181026193005-c67002cb31c3/go.mod h1:UVdnD1Gm6xHRNCYTkRU2/jEulfH38KcIWyp/GAMgvoE=
golang.org/x/lint v0.0.0-20190227174305-5b3e6a55c961/go.mod h1:wehouNa3lNwaWXcvxsM5YxQ5yQlVC4a0KAMCusXpPoU=
golang.org/x/lint v0.0.0-20190301231843-5614ed5bae6f/go.mod h1:UVdnD1Gm6xHRNCYTkRU2/jEulfH38KcIWyp/GAMgvoE=
golang.org/x/lint v0.0.0-20190313153728-d0100b6bd8b3/go.mod h1:6SW0HCj/g11FgYtHlgUYUwCkIfeOF89ocIRzGO/8vkc=
golang.org/x/net v0.0.0-20180218175443-cbe0f9307d01/go.mod h1:mL1N/T3taQHkDXs73rZJwtUhF3w3ftmwwsq0BUmARs4=
golang.org/x/net v0.0.0-20180724234803-3673e40ba225/go.mod h1:mL1N/T3taQHkDXs73rZJwtUhF3w3ftmwwsq0BUmARs4=
golang.org/x/net v0.0.0-20180826012351-8a410e7b638d/go.mod h1:mL1N/T3taQHkDXs73rZJwtUhF3w3ftmwwsq0BUmARs4=
golang.org/x/net v0.0.0-20180906233101-161cd47e91fd/go.mod h1:mL1N/T3taQHkDXs73rZJwtUhF3w3ftmwwsq0BUmARs4=
golang.org/x/net v0.0.0-20181114220301-adae6a3d119a/go.mod h1:mL1N/T3taQHkDXs73rZJwtUhF3w3ftmwwsq0BUmARs4=
golang.org/x/net v0.0.0-20190108225652-1e06a53dbb7e/go.mod h1:mL1N/T3taQHkDXs73rZJwtUhF3w3ftmwwsq0BUmARs4=
golang.org/x/net v0.0.0-20190213061140-3a22650c66bd h1:HuTn7WObtcDo9uEEU7rEqL0jYthdXAmZ6PP+meazmaU=
golang.org/x/net v0.0.0-20190213061140-3a22650c66bd/go.mod h1:mL1N/T3taQHkDXs73rZJwtUhF3w3ftmwwsq0BUmARs4=
golang.org/x/net v0.0.0-20190311183353-d8887717615a/go.mod h1:t9HGtf8HONx5eT2rtn7q6eTqICYqUVnKs3thJo3Qplg=
golang.org/x/net v0.0.0-20190404232315-eb5bcb51f2a3/go.mod h1:t9HGtf8HONx5eT2rtn7q6eTqICYqUVnKs3thJo3Qplg=
golang.org/x/net v0.0.0-20190509222800-a4d6f7feada5/go.mod h1:t9HGtf8HONx5eT2rtn7q6eTqICYqUVnKs3thJo3Qplg=
golang.org/x/net v0.0.0-20190522155817-f3200d17e092 h1:4QSRKanuywn15aTZvI/mIDEgPQpswuFndXpOj3rKEco=
golang.org/x/net v0.0.0-20190522155817-f3200d17e092/go.mod h1:HSz+uSET+XFnRR8LxR5pz3Of3rY3CfYBVs4xY44aLks=
golang.org/x/oauth2 v0.0.0-20180821212333-d2e6202438be/go.mod h1:N/0e6XlmueqKjAGxoOufVs8QHGRruUQn6yWY3a++T0U=
golang.org/x/oauth2 v0.0.0-20190226205417-e64efc72b421/go.mod h1:gOpvHmFTYa4IltrdGE7lF6nIHvwfUNPOp7c8zoXwtLw=
golang.org/x/oauth2 v0.0.0-20190523182746-aaccbc9213b0 h1:xFEXbcD0oa/xhqQmMXztdZ0bWvexAWds+8c1gRN8nu0=
golang.org/x/oauth2 v0.0.0-20190523182746-aaccbc9213b0/go.mod h1:gOpvHmFTYa4IltrdGE7lF6nIHvwfUNPOp7c8zoXwtLw=
golang.org/x/sync v0.0.0-20180314180146-1d60e4601c6f/go.mod h1:RxMgew5VJxzue5/jJTE5uejpjVlOe/izrB70Jof72aM=
golang.org/x/sync v0.0.0-20181108010431-42b317875d0f h1:Bl/8QSvNqXvPGPGXa2z5xUTmV7VDcZyvRZ+QQXkXTZQ=
golang.org/x/sync v0.0.0-20181108010431-42b317875d0f/go.mod h1:RxMgew5VJxzue5/jJTE5uejpjVlOe/izrB70Jof72aM=
golang.org/x/sync v0.0.0-20181221193216-37e7f081c4d4/go.mod h1:RxMgew5VJxzue5/jJTE5uejpjVlOe/izrB70Jof72aM=
golang.org/x/sync v0.0.0-20190227155943-e225da77a7e6/go.mod h1:RxMgew5VJxzue5/jJTE5uejpjVlOe/izrB70Jof72aM=
golang.org/x/sync v0.0.0-20190423024810-112230192c58 h1:8gQV6CLnAEikrhgkHFbMAEhagSSnXWGV915qUMm9mrU=
golang.org/x/sync v0.0.0-20190423024810-112230192c58/go.mod h1:RxMgew5VJxzue5/jJTE5uejpjVlOe/izrB70Jof72aM=
golang.org/x/sys v0.0.0-20180830151530-49385e6e1522/go.mod h1:STP8DvDyc/dI5b8T5hshtkjS+E42TnysNCUPdjciGhY=
golang.org/x/sys v0.0.0-20180909124046-d0be0721c37e/go.mod h1:STP8DvDyc/dI5b8T5hshtkjS+E42TnysNCUPdjciGhY=
golang.org/x/sys v0.0.0-20190215142949-d0b11bdaac8a/go.mod h1:STP8DvDyc/dI5b8T5hshtkjS+E42TnysNCUPdjciGhY=
golang.org/x/sys v0.0.0-20190222072716-a9d3bda3a223/go.mod h1:STP8DvDyc/dI5b8T5hshtkjS+E42TnysNCUPdjciGhY=
golang.org/x/sys v0.0.0-20190412213103-97732733099d/go.mod h1:h1NjWce9XRLGQEsW7wpKNCjG9DtNlClVuFLEZdDNbEs=
golang.org/x/sys v0.0.0-20190509141414-a5b02f93d862/go.mod h1:h1NjWce9XRLGQEsW7wpKNCjG9DtNlClVuFLEZdDNbEs=
golang.org/x/sys v0.0.0-20190528183647-3626398d7749 h1:oG2HS+e2B9VqK95y67B5MgJIJhOPY27/m5uJKJhHzus=
golang.org/x/sys v0.0.0-20190528183647-3626398d7749/go.mod h1:h1NjWce9XRLGQEsW7wpKNCjG9DtNlClVuFLEZdDNbEs=
golang.org/x/text v0.3.0/go.mod h1:NqM8EUOU14njkJ3fqMW+pc6Ldnwhi/IjpwHt7yyuwOQ=
golang.org/x/text v0.3.1-0.20180807135948-17ff2d5776d2/go.mod h1:NqM8EUOU14njkJ3fqMW+pc6Ldnwhi/IjpwHt7yyuwOQ=
golang.org/x/text v0.3.2 h1:tW2bmiBqwgJj/UpqtC8EpXEZVYOwU0yG4iWbprSVAcs=
golang.org/x/text v0.3.2/go.mod h1:bEr9sfX3Q8Zfm5fL9x+3itogRgK3+ptLWKqgva+5dAk=
golang.org/x/time v0.0.0-20181108054448-85acf8d2951c/go.mod h1:tRJNPiyCQ0inRvYxbN9jk5I+vvW/OXSQhTDSoE431IQ=
golang.org/x/time v0.0.0-20190308202827-9d24e82272b4 h1:SvFZT6jyqRaOeXpc5h/JSfZenJ2O330aBsf7JfSUXmQ=
golang.org/x/time v0.0.0-20190308202827-9d24e82272b4/go.mod h1:tRJNPiyCQ0inRvYxbN9jk5I+vvW/OXSQhTDSoE431IQ=
golang.org/x/tools v0.0.0-20180917221912-90fa682c2a6e/go.mod h1:n7NCudcB/nEzxVGmLbDWY5pfWTLqBcC2KZ6jyYvM4mQ=
golang.org/x/tools v0.0.0-20190114222345-bf090417da8b/go.mod h1:n7NCudcB/nEzxVGmLbDWY5pfWTLqBcC2KZ6jyYvM4mQ=
golang.org/x/tools v0.0.0-20190226205152-f727befe758c/go.mod h1:9Yl7xja0Znq3iFh3HoIrodX9oNMXvdceNzlUR8zjMvY=
golang.org/x/tools v0.0.0-20190311212946-11955173bddd/go.mod h1:LCzVGOaR6xXOjkQ3onu1FJEFr0SW1gC7cKk1uF8kGRs=
golang.org/x/tools v0.0.0-20190312170243-e65039ee4138/go.mod h1:LCzVGOaR6xXOjkQ3onu1FJEFr0SW1gC7cKk1uF8kGRs=
golang.org/x/tools v0.0.0-20190328211700-ab21143f2384 h1:TFlARGu6Czu1z7q93HTxcP1P+/ZFC/IKythI5RzrnRg=
golang.org/x/tools v0.0.0-20190328211700-ab21143f2384/go.mod h1:LCzVGOaR6xXOjkQ3onu1FJEFr0SW1gC7cKk1uF8kGRs=
google.golang.org/api v0.5.0 h1:lj9SyhMzyoa38fgFF0oO2T6pjs5IzkLPKfVtxpyCRMM=
google.golang.org/api v0.5.0/go.mod h1:8k5glujaEP+g9n7WNsDg8QP6cUVNI86fCNMcbazEtwE=
google.golang.org/appengine v1.1.0/go.mod h1:EbEs0AVv82hx2wNQdGPgUI5lhzA/G0D9YwlJXL52JkM=
google.golang.org/appengine v1.4.0/go.mod h1:xpcJRLb0r/rnEns0DIKYYv+WjYCduHsrkT7/EB5XEv4=
google.golang.org/appengine v1.6.0 h1:Tfd7cKwKbFRsI8RMAD3oqqw7JPFRrvFlOsfbgVkjOOw=
google.golang.org/appengine v1.6.0/go.mod h1:xpcJRLb0r/rnEns0DIKYYv+WjYCduHsrkT7/EB5XEv4=
google.golang.org/genproto v0.0.0-20180817151627-c66870c02cf8/go.mod h1:JiN7NxoALGmiZfu7CAH4rXhgtRTLTxftemlI0sWmxmc=
google.golang.org/genproto v0.0.0-20190307195333-5fe7a883aa19/go.mod h1:VzzqZJRnGkLBvHegQrXjBqPurQTc5/KpmUdxsrq26oE=
google.golang.org/genproto v0.0.0-20190508193815-b515fa19cec8/go.mod h1:VzzqZJRnGkLBvHegQrXjBqPurQTc5/KpmUdxsrq26oE=
google.golang.org/genproto v0.0.0-20190522204451-c2c4e71fbf69 h1:4rNOqY4ULrKzS6twXa619uQgI7h9PaVd4ZhjFQ7C5zs=
google.golang.org/genproto v0.0.0-20190522204451-c2c4e71fbf69/go.mod h1:z3L6/3dTEVtUr6QSP8miRzeRqwQOioJ9I66odjN4I7s=
google.golang.org/grpc v1.19.0/go.mod h1:mqu4LbDTu4XGKhr4mRzUsmM4RtVoemTSY81AxZiDr8c=
google.golang.org/grpc v1.21.0 h1:G+97AoqBnmZIT91cLG/EkCoK9NSelj64P8bOHHNmGn0=
google.golang.org/grpc v1.21.0/go.mod h1:oYelfM1adQP15Ek0mdvEgi9Df8B9CZIaU1084ijfRaM=
gopkg.in/check.v1 v0.0.0-20161208181325-20d25e280405/go.mod h1:Co6ibVJAznAaIkqp8huTwlJQCZ016jof/cbN4VW5Yz0=
gopkg.in/check.v1 v1.0.0-20180628173108-788fd7840127 h1:qIbj1fsPNlZgppZ+VLlY7N33q108Sa+fhmuc+sWQYwY=
gopkg.in/check.v1 v1.0.0-20180628173108-788fd7840127/go.mod h1:Co6ibVJAznAaIkqp8huTwlJQCZ016jof/cbN4VW5Yz0=
gopkg.in/fsnotify.v1 v1.4.7 h1:xOHLXZwVvI9hhs+cLKq5+I5onOuwQLhQwiu63xxlHs4=
gopkg.in/fsnotify.v1 v1.4.7/go.mod h1:Tz8NjZHkW78fSQdbUxIjBTcgA1z1m8ZHf0WmKUhAMys=
gopkg.in/ini.v1 v1.42.0 h1:7N3gPTt50s8GuLortA00n8AqRTk75qOP98+mTPpgzRk=
gopkg.in/ini.v1 v1.42.0/go.mod h1:pNLf8WUiyNEtQjuu5G5vTm06TEv9tsIgeAvK8hOrP4k=
gopkg.in/mgo.v2 v2.0.0-20160818020120-3f83fa500528 h1:/saqWwm73dLmuzbNhe92F0QsZ/KiFND+esHco2v1hiY=
gopkg.in/mgo.v2 v2.0.0-20160818020120-3f83fa500528/go.mod h1:yeKp02qBN3iKW1OzL3MGk2IdtZzaj7SFntXj72NppTA=
gopkg.in/tomb.v1 v1.0.0-20141024135613-dd632973f1e7 h1:uRGJdciOHaEIrze2W8Q3AKkepLTh2hOroT7a+7czfdQ=
gopkg.in/tomb.v1 v1.0.0-20141024135613-dd632973f1e7/go.mod h1:dt/ZhP58zS4L8KSrWDmTeBkI65Dw0HsyUHuEVlX15mw=
gopkg.in/yaml.v2 v2.2.1 h1:mUhvW9EsL+naU5Q3cakzfE91YhliOondGd6ZrsDBHQE=
gopkg.in/yaml.v2 v2.2.1/go.mod h1:hI93XBmqTisBFMUTm0b8Fm+jr3Dg1NNxqwp+5A1VGuI=
gopkg.in/yaml.v2 v2.2.2 h1:ZCJp+EgiOT7lHqUV2J862kp8Qj64Jo6az82+3Td9dZw=
gopkg.in/yaml.v2 v2.2.2/go.mod h1:hI93XBmqTisBFMUTm0b8Fm+jr3Dg1NNxqwp+5A1VGuI=
honnef.co/go/tools v0.0.0-20190102054323-c2f93a96b099/go.mod h1:rf3lG4BRIbNafJWhAfAdb/ePZxsR/4RtNHQocxwk9r4=
honnef.co/go/tools v0.0.0-20190106161140-3f1c8253044a/go.mod h1:rf3lG4BRIbNafJWhAfAdb/ePZxsR/4RtNHQocxwk9r4=
rsc.io/pdf v0.0.0-20170302045715-1d34785eb915 h1:Deg3CmTFQ+bWVBNEjlhrfNsSl2/YI20/XNKCxBX5aVg=
rsc.io/pdf v0.0.0-20170302045715-1d34785eb915/go.mod h1:n8OzWcQ6Sp37PL01nO98y4iUCRdTGarVfzxY20ICaU4=
rsc.io/qr v0.1.0 h1:M/sAxsU2J5mlQ4W84Bxga2EgdQqOaAliipcjPmMUM5Q=
rsc.io/qr v0.1.0/go.mod h1:IF+uZjkb9fqyeF/4tlBoynqmQxUoPfWEKh921coOuXs=
