# This file is autogenerated, do not edit; changes may be undone by the next 'dep ensure'.


[[projects]]
  name = "bazil.org/fuse"
  packages = [
    ".",
    "fs",
    "fuseutil",
    "syscallx"
  ]
  revision = "371fbbdaa8987b715bdd21d6adc4c9b20155f748"

[[projects]]
  name = "cloud.google.com/go"
  packages = [
    "compute/metadata",
    "datastore",
    "internal",
    "internal/bundler",
    "logging",
    "logging/apiv2",
    "logging/internal",
    "storage"
  ]
  revision = "b70ccc799b9d019708c3eb9395acef6e3f6b7bc8"

[[projects]]
  name = "github.com/FiloSottile/b2"
  packages = ["."]
  revision = "b197f7a2c317098d18afe80f0d6789782d52a090"

[[projects]]
  name = "github.com/aws/aws-sdk-go"
  packages = [
    "aws",
    "aws/awserr",
    "aws/awsutil",
    "aws/client",
    "aws/client/metadata",
    "aws/corehandlers",
    "aws/credentials",
    "aws/credentials/ec2rolecreds",
    "aws/credentials/endpointcreds",
    "aws/credentials/stscreds",
    "aws/csm",
    "aws/defaults",
    "aws/ec2metadata",
    "aws/endpoints",
    "aws/request",
    "aws/session",
    "aws/signer/v4",
    "internal/sdkio",
    "internal/sdkrand",
    "internal/sdkuri",
    "internal/shareddefaults",
    "private/protocol",
    "private/protocol/eventstream",
    "private/protocol/eventstream/eventstreamapi",
    "private/protocol/query",
    "private/protocol/query/queryutil",
    "private/protocol/rest",
    "private/protocol/restxml",
    "private/protocol/xml/xmlutil",
    "service/s3",
    "service/s3/s3iface",
    "service/s3/s3manager",
    "service/sts"
  ]
  revision = "bc3f534c19ffdf835e524e11f0f825b3eaf541c3"
  version = "v1.14.31"

[[projects]]
  name = "github.com/bradfitz/latlong"
  packages = ["."]
  revision = "b745505085619d2818bc4b32b5a9fcc539e551fd"

[[projects]]
  branch = "master"
  name = "github.com/cznic/fileutil"
  packages = ["."]
  revision = "6a051e75936f623600b67c2b1116b6b6c0ffb936"

[[projects]]
  name = "github.com/cznic/internal"
  packages = [
    "buffer",
    "file",
    "slice"
  ]
  revision = "4747030f7cf2f4c0a01512b00cd68734b167ac3b"

[[projects]]
  name = "github.com/cznic/kv"
  packages = ["."]
  revision = "892ccf731fb7aa5e9aa300eb24456d1519afcfc7"

[[projects]]
  name = "github.com/cznic/lldb"
  packages = ["."]
  revision = "bea8611dd5c407f3c5eab9f9c68e887a27dc6f0e"
  version = "v1.1.0"

[[projects]]
  branch = "master"
  name = "github.com/cznic/mathutil"
  packages = ["."]
  revision = "5455a562bccba6fed24079339aa97e44ac0de4bb"

[[projects]]
  branch = "master"
  name = "github.com/cznic/sortutil"
  packages = ["."]
  revision = "4c7342852e65c2088c981288f2c5610d10b9f7f4"

[[projects]]
  branch = "master"
  name = "github.com/cznic/zappy"
  packages = ["."]
  revision = "2533cb5b45cc6c07421468ce262899ddc9d53fb7"

[[projects]]
  branch = "master"
  name = "github.com/edsrzf/mmap-go"
  packages = ["."]
  revision = "0bce6a6887123b67a60366d2c9fe2dfb74289d2e"

[[projects]]
  name = "github.com/fsnotify/fsnotify"
  packages = ["."]
  revision = "629574ca2a5df945712d3079857300b5e4da0236"

[[projects]]
  name = "github.com/garyburd/go-oauth"
  packages = ["oauth"]
  revision = "7d749055310d0d9fed966cd500664dbca484967e"

[[projects]]
  name = "github.com/go-ini/ini"
  packages = ["."]
  revision = "358ee7663966325963d4e8b2e1fbd570c5195153"
  version = "v1.38.1"

[[projects]]
  name = "github.com/go-sql-driver/mysql"
  packages = ["."]
  revision = "99ff426eb706cffe92ff3d058e168b278cabf7c7"

[[projects]]
  name = "github.com/golang/protobuf"
  packages = [
    "proto",
    "ptypes",
    "ptypes/any",
    "ptypes/duration",
    "ptypes/empty",
    "ptypes/struct",
    "ptypes/timestamp",
    "ptypes/wrappers"
  ]
  revision = "925541529c1fa6821df4e44ce2723319eb2be768"
  version = "v1.0.0"

[[projects]]
  name = "github.com/golang/snappy"
  packages = ["."]
  revision = "553a641470496b2327abcac10b36396bd98e45c9"

[[projects]]
  name = "github.com/googleapis/gax-go"
  packages = ["."]
  revision = "da06d194a00e19ce00d9011a13931c3f6f6887c7"

[[projects]]
  name = "github.com/gopherjs/gopherjs"
  packages = [
    ".",
    "build",
    "compiler",
    "compiler/analysis",
    "compiler/astutil",
    "compiler/filter",
    "compiler/gopherjspkg",
    "compiler/natives",
    "compiler/prelude",
    "compiler/typesutil",
    "internal/sysutil",
    "js",
    "nosync"
  ]
  revision = "0210a2f0f73c96103378b0b935f39868e5731809"

[[projects]]
  name = "github.com/gopherjs/jquery"
  packages = ["."]
  revision = "fbbfc4bbe29a29cb05788b66be44e0ac7f43cac7"

[[projects]]
  branch = "master"
  name = "github.com/gopherjs/jsbuiltin"
  packages = ["."]
  revision = "67703bfb044e3192fbcab025c3aeaeedafad1f2f"

[[projects]]
  name = "github.com/gorilla/websocket"
  packages = ["."]
  revision = "ea4d1f681babbce9545c9c5f3d5194a789c89f5b"
  version = "v1.2.0"

[[projects]]
  name = "github.com/hjfreyer/taglib-go"
  packages = [
    "taglib",
    "taglib/id3"
  ]
  revision = "0ef8bba9c41b66c12f60ce9833786838d2c2d3d8"

[[projects]]
  name = "github.com/inconshreveable/mousetrap"
  packages = ["."]
  revision = "76626ae9c91c4f2a10f34cad8ce83ea42c93bb75"
  version = "v1.0"

[[projects]]
  name = "github.com/jmespath/go-jmespath"
  packages = ["."]
  revision = "0b12d6b5"

[[projects]]
  name = "github.com/kardianos/osext"
  packages = ["."]
  revision = "29ae4ffbc9a6fe9fb2bc5029050ce6996ea1d3bc"

[[projects]]
  name = "github.com/kisielk/gotool"
  packages = ["."]
  revision = "0de1eaf82fa3f583ce21fde859f1e7e0c5e9b220"

[[projects]]
  name = "github.com/kr/fs"
  packages = ["."]
  revision = "1455def202f6e05b95cc7bfc7e8ae67ae5141eba"
  version = "v0.1.0"

[[projects]]
  name = "github.com/lib/pq"
  packages = [
    ".",
    "oid"
  ]
  revision = "9afcd9aa793101bd0536da34e74ae0123345bab1"

[[projects]]
  name = "github.com/mailgun/mailgun-go"
  packages = ["."]
  revision = "17e8bd11e87cb660ba5da8d635bbeae44b9443ac"

[[projects]]
  name = "github.com/mattn/go-mastodon"
  packages = ["."]
  revision = "2ccbcfe14d7ae9129fa84fbf37d030b046abbfdf"

[[projects]]
  name = "github.com/mattn/go-sqlite3"
  packages = ["."]
  revision = "6c771bb9887719704b210e87e934f08be014bdb1"
  version = "v1.6.0"

[[projects]]
  name = "github.com/miekg/dns"
  packages = ["."]
  revision = "3f1f7c8ec9ead89493df11f2c3d8bec353a2c2c0"

[[projects]]
  branch = "master"
  name = "github.com/neelance/astrewrite"
  packages = ["."]
  revision = "99348263ae862cc230986ce88deaddbf7edcc034"

[[projects]]
  name = "github.com/neelance/sourcemap"
  packages = ["."]
  revision = "8c68805598ab8d5637b1a72b5f7d381ea0f39c31"

[[projects]]
  name = "github.com/nf/cr2"
  packages = ["."]
  revision = "05d46fef4f2f903240751e25871cd318d001deba"

[[projects]]
  name = "github.com/pkg/errors"
  packages = ["."]
  revision = "645ef00459ed84a119197bfb8d8205042c6df63d"
  version = "v0.8.0"

[[projects]]
  name = "github.com/pkg/sftp"
  packages = ["."]
  revision = "5bf2a174b604c6b5549dd9740d924ff2f02e3ad7"
  version = "1.6.0"

[[projects]]
  name = "github.com/plaid/plaid-go"
  packages = ["plaid"]
  revision = "02b6af68061bf89a293eaf15dc6c955ce02dd22b"

[[projects]]
  name = "github.com/russross/blackfriday"
  packages = ["."]
  revision = "cadec560ec52d93835bf2f15bd794700d3a2473b"
  version = "v2.0.0"

[[projects]]
  branch = "go1"
  name = "github.com/rwcarlsen/goexif"
  packages = [
    "exif",
    "tiff"
  ]
  revision = "8d986c03457a2057c7b0fb0a48113f7dd48f9619"

[[projects]]
  branch = "master"
  name = "github.com/shurcooL/httpfs"
  packages = [
    "filter",
    "vfsutil"
  ]
  revision = "809beceb23714880abc4a382a00c05f89d13b1cc"

[[projects]]
  name = "github.com/shurcooL/sanitized_anchor_name"
  packages = ["."]
  revision = "11a20b799bf22a02808c862eb6ca09f7fb38f84a"

[[projects]]
  name = "github.com/spf13/cobra"
  packages = ["."]
  revision = "c678ff029ee250b65714e518f4f5c5cb934955de"

[[projects]]
  name = "github.com/spf13/pflag"
  packages = ["."]
  revision = "7f60f83a2c81bc3c3c0d5297f61ddfa68da9d3b7"

[[projects]]
  name = "github.com/syndtr/goleveldb"
  packages = [
    "leveldb",
    "leveldb/cache",
    "leveldb/comparer",
    "leveldb/errors",
    "leveldb/filter",
    "leveldb/iterator",
    "leveldb/journal",
    "leveldb/memdb",
    "leveldb/opt",
    "leveldb/storage",
    "leveldb/table",
    "leveldb/util"
  ]
  revision = "db3ee9ee8931e51af7158114b9d02bf93d1a7811"

[[projects]]
  name = "github.com/tgulacsi/picago"
  packages = ["."]
  revision = "9e1ac2306c701ca7477a169b2b49902b7b4c58bf"

[[projects]]
  name = "github.com/tomnomnom/linkheader"
  packages = ["."]
  revision = "6953a30d444317754766fccdd3f7f000edc874f6"
  version = "0.1.0"

[[projects]]
  branch = "master"
  name = "go4.org"
  packages = [
    "cloud/cloudlaunch",
    "cloud/google/gceutil",
    "cloud/google/gcsutil",
    "ctxutil",
    "errorutil",
    "fault",
    "jsonconfig",
    "legal",
    "lock",
    "media/heif",
    "media/heif/bmff",
    "net/throttle",
    "oauthutil",
    "readerutil",
    "strutil",
    "syncutil",
    "syncutil/singleflight",
    "types",
    "wkfs",
    "wkfs/gcs",
    "writerutil"
  ]
  revision = "a2a47940e6bcb2098c42264fb0515cb027f2564a"

[[projects]]
  branch = "master"
  name = "golang.org/x/crypto"
  packages = [
    "acme",
    "acme/autocert",
    "cast5",
    "curve25519",
    "ed25519",
    "ed25519/internal/edwards25519",
    "internal/chacha20",
    "internal/subtle",
    "nacl/secretbox",
    "openpgp",
    "openpgp/armor",
    "openpgp/elgamal",
    "openpgp/errors",
    "openpgp/packet",
    "openpgp/s2k",
    "pbkdf2",
    "poly1305",
    "salsa20/salsa",
    "scrypt",
    "ssh",
    "ssh/terminal"
  ]
  revision = "c126467f60eb25f8f27e5a981f32a87e3965053f"

[[projects]]
  name = "golang.org/x/image"
  packages = [
    "draw",
    "math/f64",
    "tiff",
    "tiff/lzw"
  ]
  revision = "12117c17ca67ffa1ce22e9409f3b0b0a93ac08c7"

[[projects]]
  name = "golang.org/x/net"
  packages = [
    "context",
    "context/ctxhttp",
    "html",
    "html/atom",
    "html/charset",
    "http2",
    "http2/hpack",
    "idna",
    "internal/timeseries",
    "lex/httplex",
    "trace",
    "xsrftoken"
  ]
  revision = "d866cfc389cec985d6fda2859936a575a55a3ab6"

[[projects]]
  name = "golang.org/x/oauth2"
  packages = [
    ".",
    "google",
    "internal",
    "jws",
    "jwt"
  ]
  revision = "197281d4e0ecd78c33865daf9c6e51626feefcb2"

[[projects]]
  name = "golang.org/x/sync"
  packages = ["errgroup"]
  revision = "fd80eb99c"

[[projects]]
  name = "golang.org/x/sys"
  packages = [
    "unix",
    "windows"
  ]
  revision = "fff93fa7cd278d84afc205751523809c464168ab"

[[projects]]
  name = "golang.org/x/text"
  packages = [
    ".",
    "collate",
    "collate/build",
    "encoding",
    "encoding/charmap",
    "encoding/htmlindex",
    "encoding/internal",
    "encoding/internal/identifier",
    "encoding/japanese",
    "encoding/korean",
    "encoding/simplifiedchinese",
    "encoding/traditionalchinese",
    "encoding/unicode",
    "internal/colltab",
    "internal/gen",
    "internal/tag",
    "internal/triegen",
    "internal/ucd",
    "internal/utf8internal",
    "language",
    "runes",
    "secure/bidirule",
    "transform",
    "unicode/bidi",
    "unicode/cldr",
    "unicode/norm",
    "unicode/rangetable"
  ]
  revision = "88f656faf3f37f690df1a32515b479415e1a6769"

[[projects]]
  name = "golang.org/x/time"
  packages = ["rate"]
  revision = "a4bde12657593d5e90d0533a3e4fd95e635124cb"

[[projects]]
  name = "golang.org/x/tools"
  packages = [
    "go/buildutil",
    "go/gcexportdata",
    "go/gcimporter15",
    "go/types/typeutil"
  ]
  revision = "e531a2a1c15f94033f6fa87666caeb19a688175f"

[[projects]]
  name = "google.golang.org/api"
  packages = [
    "cloudresourcemanager/v1",
    "compute/v1",
    "drive/v2",
    "drive/v3",
    "gensupport",
    "googleapi",
    "googleapi/internal/uritemplates",
    "googleapi/transport",
    "internal",
    "iterator",
    "option",
    "servicemanagement/v1",
    "sqladmin/v1beta3",
    "storage/v1",
    "transport"
  ]
  revision = "48e49d1645e228d1c50c3d54fb476b2224477303"

[[projects]]
  name = "google.golang.org/appengine"
  packages = [
    ".",
    "cloudsql",
    "internal",
    "internal/app_identity",
    "internal/base",
    "internal/datastore",
    "internal/log",
    "internal/modules",
    "internal/remote_api",
    "internal/socket",
    "internal/urlfetch",
    "socket",
    "urlfetch"
  ]
  revision = "150dc57a1b433e64154302bdc40b6bb8aefa313a"
  version = "v1.0.0"

[[projects]]
  name = "google.golang.org/genproto"
  packages = [
    "googleapis/api/label",
    "googleapis/api/metric",
    "googleapis/api/monitoredres",
    "googleapis/api/serviceconfig",
    "googleapis/datastore/v1",
    "googleapis/logging/type",
    "googleapis/logging/v2",
    "googleapis/rpc/status",
    "googleapis/type/latlng",
    "protobuf"
  ]
  revision = "08f135d1a31b6ba454287638a3ce23a55adace6f"

[[projects]]
  name = "google.golang.org/grpc"
  packages = [
    ".",
    "codes",
    "credentials",
    "credentials/oauth",
    "grpclog",
    "internal",
    "metadata",
    "naming",
    "peer",
    "stats",
    "tap",
    "transport"
  ]
  revision = "188a132adcfba339f1f2d5da52498451341f9ee8"
  source = "https://github.com/bradfitz/grpc-go.git"

[[projects]]
  branch = "v2"
  name = "gopkg.in/mgo.v2"
  packages = [
    ".",
    "bson",
    "internal/json",
    "internal/sasl",
    "internal/scram"
  ]
  revision = "3f83fa5005286a7fe593b055f0d7771a7dce4655"

[[projects]]
  name = "honnef.co/go/js/dom"
  packages = ["."]
  revision = "24aa052bc5c63cfb9383bf59493ee48621ca788c"

[[projects]]
  name = "myitcv.io"
  packages = [
    "gogenerate",
    "react",
    "react/cmd/reactGen",
    "react/internal/bundle",
    "react/internal/core",
    "react/internal/dev",
    "react/internal/preact",
    "react/internal/prod"
  ]
  revision = "bf2c84553c7827a1cb6cecf19424fdb93b887d5b"

[[projects]]
  name = "rsc.io/pdf"
  packages = ["."]
  revision = "1d34785eb915fd1ea1c437ad41621c9066642030"

[[projects]]
  name = "rsc.io/qr"
  packages = [
    ".",
    "coding",
    "gf256"
  ]
  revision = "48b2ede4844e13f1a2b7ce4d2529c9af7e359fc5"

[solve-meta]
  analyzer-name = "dep"
  analyzer-version = 1
  inputs-digest = "80502c7bdbd59ee4ed8d53c9d37463b311c3ccac2f365d5325b5f61fe85e42bc"
  solver-name = "gps-cdcl"
  solver-version = 1
