// !$*UTF8*$!
{
	archiveVersion = 1;
	classes = {
	};
	objectVersion = 46;
	objects = {

/* Begin PBXBuildFile section */
		34D377EF842A4FB7898A347A /* libPods.a in Frameworks */ = {isa = PBXBuildFile; fileRef = E3B0C20A01974DA398E19217 /* libPods.a */; };
		D0A09724178A648200D57EC5 /* Cocoa.framework in Frameworks */ = {isa = PBXBuildFile; fileRef = D0A09723178A648200D57EC5 /* Cocoa.framework */; };
		D0A0972E178A648200D57EC5 /* InfoPlist.strings in Resources */ = {isa = PBXBuildFile; fileRef = D0A0972C178A648200D57EC5 /* InfoPlist.strings */; };
		D0A09730178A648200D57EC5 /* main.m in Sources */ = {isa = PBXBuildFile; fileRef = D0A0972F178A648200D57EC5 /* main.m */; };
		D0A09734178A648200D57EC5 /* Credits.rtf in Resources */ = {isa = PBXBuildFile; fileRef = D0A09732178A648200D57EC5 /* Credits.rtf */; };
		D0A09737178A648200D57EC5 /* CAAppDelegate.m in Sources */ = {isa = PBXBuildFile; fileRef = D0A09736178A648200D57EC5 /* CAAppDelegate.m */; };
		D0A0973A178A648200D57EC5 /* MainMenu.xib in Resources */ = {isa = PBXBuildFile; fileRef = D0A09738178A648200D57EC5 /* MainMenu.xib */; };
		D0A09742178A648200D57EC5 /* SenTestingKit.framework in Frameworks */ = {isa = PBXBuildFile; fileRef = D0A09741178A648200D57EC5 /* SenTestingKit.framework */; };
		D0A09743178A648200D57EC5 /* Cocoa.framework in Frameworks */ = {isa = PBXBuildFile; fileRef = D0A09723178A648200D57EC5 /* Cocoa.framework */; };
		D0A0974B178A648200D57EC5 /* InfoPlist.strings in Resources */ = {isa = PBXBuildFile; fileRef = D0A09749178A648200D57EC5 /* InfoPlist.strings */; };
		D0A0974E178A648200D57EC5 /* camlistartTests.m in Sources */ = {isa = PBXBuildFile; fileRef = D0A0974D178A648200D57EC5 /* camlistartTests.m */; };
		D0A09758178B8E5D00D57EC5 /* Panel.xib in Resources */ = {isa = PBXBuildFile; fileRef = D0A09757178B8E5D00D57EC5 /* Panel.xib */; };
		D0A0975F178B8E9100D57EC5 /* Panel.m in Sources */ = {isa = PBXBuildFile; fileRef = D0A0975A178B8E9100D57EC5 /* Panel.m */; };
		D0A09760178B8E9100D57EC5 /* StatusItemView.m in Sources */ = {isa = PBXBuildFile; fileRef = D0A0975C178B8E9100D57EC5 /* StatusItemView.m */; };
		D0A09761178B8E9100D57EC5 /* BackgroundView.m in Sources */ = {isa = PBXBuildFile; fileRef = D0A0975E178B8E9100D57EC5 /* BackgroundView.m */; };
		D0A09765178B8EAF00D57EC5 /* PanelController.m in Sources */ = {isa = PBXBuildFile; fileRef = D0A09764178B8EAF00D57EC5 /* PanelController.m */; };
		D0A09768178B8F4000D57EC5 /* MenubarController.m in Sources */ = {isa = PBXBuildFile; fileRef = D0A09767178B8F4000D57EC5 /* MenubarController.m */; };
		D0A0976D178B942F00D57EC5 /* menuicon-selected.png in Resources */ = {isa = PBXBuildFile; fileRef = D0A09769178B942F00D57EC5 /* menuicon-selected.png */; };
		D0A0976E178B942F00D57EC5 /* menuicon-selected@2x.png in Resources */ = {isa = PBXBuildFile; fileRef = D0A0976A178B942F00D57EC5 /* menuicon-selected@2x.png */; };
		D0A0976F178B942F00D57EC5 /* menuicon.png in Resources */ = {isa = PBXBuildFile; fileRef = D0A0976B178B942F00D57EC5 /* menuicon.png */; };
		D0A09770178B942F00D57EC5 /* menuicon@2x.png in Resources */ = {isa = PBXBuildFile; fileRef = D0A0976C178B942F00D57EC5 /* menuicon@2x.png */; };
/* End PBXBuildFile section */

/* Begin PBXContainerItemProxy section */
		D0A09744178A648200D57EC5 /* PBXContainerItemProxy */ = {
			isa = PBXContainerItemProxy;
			containerPortal = D0A09718178A648200D57EC5 /* Project object */;
			proxyType = 1;
			remoteGlobalIDString = D0A0971F178A648200D57EC5;
			remoteInfo = camlistart;
		};
/* End PBXContainerItemProxy section */

/* Begin PBXFileReference section */
		7DE587EFBE224148A3D6DCA0 /* Pods.xcconfig */ = {isa = PBXFileReference; includeInIndex = 1; lastKnownFileType = text.xcconfig; name = Pods.xcconfig; path = Pods/Pods.xcconfig; sourceTree = SOURCE_ROOT; };
		D0A09720178A648200D57EC5 /* camlistart.app */ = {isa = PBXFileReference; explicitFileType = wrapper.application; includeInIndex = 0; path = camlistart.app; sourceTree = BUILT_PRODUCTS_DIR; };
		D0A09723178A648200D57EC5 /* Cocoa.framework */ = {isa = PBXFileReference; lastKnownFileType = wrapper.framework; name = Cocoa.framework; path = System/Library/Frameworks/Cocoa.framework; sourceTree = SDKROOT; };
		D0A09726178A648200D57EC5 /* AppKit.framework */ = {isa = PBXFileReference; lastKnownFileType = wrapper.framework; name = AppKit.framework; path = System/Library/Frameworks/AppKit.framework; sourceTree = SDKROOT; };
		D0A09727178A648200D57EC5 /* CoreData.framework */ = {isa = PBXFileReference; lastKnownFileType = wrapper.framework; name = CoreData.framework; path = System/Library/Frameworks/CoreData.framework; sourceTree = SDKROOT; };
		D0A09728178A648200D57EC5 /* Foundation.framework */ = {isa = PBXFileReference; lastKnownFileType = wrapper.framework; name = Foundation.framework; path = System/Library/Frameworks/Foundation.framework; sourceTree = SDKROOT; };
		D0A0972B178A648200D57EC5 /* camlistart-Info.plist */ = {isa = PBXFileReference; lastKnownFileType = text.plist.xml; path = "camlistart-Info.plist"; sourceTree = "<group>"; };
		D0A0972D178A648200D57EC5 /* en */ = {isa = PBXFileReference; lastKnownFileType = text.plist.strings; name = en; path = en.lproj/InfoPlist.strings; sourceTree = "<group>"; };
		D0A0972F178A648200D57EC5 /* main.m */ = {isa = PBXFileReference; lastKnownFileType = sourcecode.c.objc; path = main.m; sourceTree = "<group>"; };
		D0A09731178A648200D57EC5 /* camlistart-Prefix.pch */ = {isa = PBXFileReference; lastKnownFileType = sourcecode.c.h; path = "camlistart-Prefix.pch"; sourceTree = "<group>"; };
		D0A09733178A648200D57EC5 /* en */ = {isa = PBXFileReference; lastKnownFileType = text.rtf; name = en; path = en.lproj/Credits.rtf; sourceTree = "<group>"; };
		D0A09735178A648200D57EC5 /* CAAppDelegate.h */ = {isa = PBXFileReference; lastKnownFileType = sourcecode.c.h; path = CAAppDelegate.h; sourceTree = "<group>"; };
		D0A09736178A648200D57EC5 /* CAAppDelegate.m */ = {isa = PBXFileReference; lastKnownFileType = sourcecode.c.objc; path = CAAppDelegate.m; sourceTree = "<group>"; };
		D0A09739178A648200D57EC5 /* en */ = {isa = PBXFileReference; lastKnownFileType = file.xib; name = en; path = en.lproj/MainMenu.xib; sourceTree = "<group>"; };
		D0A09740178A648200D57EC5 /* camlistartTests.octest */ = {isa = PBXFileReference; explicitFileType = wrapper.cfbundle; includeInIndex = 0; path = camlistartTests.octest; sourceTree = BUILT_PRODUCTS_DIR; };
		D0A09741178A648200D57EC5 /* SenTestingKit.framework */ = {isa = PBXFileReference; lastKnownFileType = wrapper.framework; name = SenTestingKit.framework; path = Library/Frameworks/SenTestingKit.framework; sourceTree = DEVELOPER_DIR; };
		D0A09748178A648200D57EC5 /* camlistartTests-Info.plist */ = {isa = PBXFileReference; lastKnownFileType = text.plist.xml; path = "camlistartTests-Info.plist"; sourceTree = "<group>"; };
		D0A0974A178A648200D57EC5 /* en */ = {isa = PBXFileReference; lastKnownFileType = text.plist.strings; name = en; path = en.lproj/InfoPlist.strings; sourceTree = "<group>"; };
		D0A0974C178A648200D57EC5 /* camlistartTests.h */ = {isa = PBXFileReference; lastKnownFileType = sourcecode.c.h; path = camlistartTests.h; sourceTree = "<group>"; };
		D0A0974D178A648200D57EC5 /* camlistartTests.m */ = {isa = PBXFileReference; lastKnownFileType = sourcecode.c.objc; path = camlistartTests.m; sourceTree = "<group>"; };
		D0A09757178B8E5D00D57EC5 /* Panel.xib */ = {isa = PBXFileReference; fileEncoding = 4; lastKnownFileType = file.xib; path = Panel.xib; sourceTree = "<group>"; };
		D0A09759178B8E9100D57EC5 /* Panel.h */ = {isa = PBXFileReference; fileEncoding = 4; lastKnownFileType = sourcecode.c.h; path = Panel.h; sourceTree = "<group>"; };
		D0A0975A178B8E9100D57EC5 /* Panel.m */ = {isa = PBXFileReference; fileEncoding = 4; lastKnownFileType = sourcecode.c.objc; path = Panel.m; sourceTree = "<group>"; };
		D0A0975B178B8E9100D57EC5 /* StatusItemView.h */ = {isa = PBXFileReference; fileEncoding = 4; lastKnownFileType = sourcecode.c.h; path = StatusItemView.h; sourceTree = "<group>"; };
		D0A0975C178B8E9100D57EC5 /* StatusItemView.m */ = {isa = PBXFileReference; fileEncoding = 4; lastKnownFileType = sourcecode.c.objc; path = StatusItemView.m; sourceTree = "<group>"; };
		D0A0975D178B8E9100D57EC5 /* BackgroundView.h */ = {isa = PBXFileReference; fileEncoding = 4; lastKnownFileType = sourcecode.c.h; path = BackgroundView.h; sourceTree = "<group>"; };
		D0A0975E178B8E9100D57EC5 /* BackgroundView.m */ = {isa = PBXFileReference; fileEncoding = 4; lastKnownFileType = sourcecode.c.objc; path = BackgroundView.m; sourceTree = "<group>"; };
		D0A09763178B8EAF00D57EC5 /* PanelController.h */ = {isa = PBXFileReference; fileEncoding = 4; lastKnownFileType = sourcecode.c.h; path = PanelController.h; sourceTree = "<group>"; };
		D0A09764178B8EAF00D57EC5 /* PanelController.m */ = {isa = PBXFileReference; fileEncoding = 4; lastKnownFileType = sourcecode.c.objc; path = PanelController.m; sourceTree = "<group>"; };
		D0A09766178B8F4000D57EC5 /* MenubarController.h */ = {isa = PBXFileReference; fileEncoding = 4; lastKnownFileType = sourcecode.c.h; path = MenubarController.h; sourceTree = "<group>"; };
		D0A09767178B8F4000D57EC5 /* MenubarController.m */ = {isa = PBXFileReference; fileEncoding = 4; lastKnownFileType = sourcecode.c.objc; path = MenubarController.m; sourceTree = "<group>"; };
		D0A09769178B942F00D57EC5 /* menuicon-selected.png */ = {isa = PBXFileReference; lastKnownFileType = image.png; path = "menuicon-selected.png"; sourceTree = "<group>"; };
		D0A0976A178B942F00D57EC5 /* menuicon-selected@2x.png */ = {isa = PBXFileReference; lastKnownFileType = image.png; path = "menuicon-selected@2x.png"; sourceTree = "<group>"; };
		D0A0976B178B942F00D57EC5 /* menuicon.png */ = {isa = PBXFileReference; lastKnownFileType = image.png; path = menuicon.png; sourceTree = "<group>"; };
		D0A0976C178B942F00D57EC5 /* menuicon@2x.png */ = {isa = PBXFileReference; lastKnownFileType = image.png; path = "menuicon@2x.png"; sourceTree = "<group>"; };
		E3B0C20A01974DA398E19217 /* libPods.a */ = {isa = PBXFileReference; explicitFileType = archive.ar; includeInIndex = 0; path = libPods.a; sourceTree = BUILT_PRODUCTS_DIR; };
/* End PBXFileReference section */

/* Begin PBXFrameworksBuildPhase section */
		D0A0971D178A648200D57EC5 /* Frameworks */ = {
			isa = PBXFrameworksBuildPhase;
			buildActionMask = 2147483647;
			files = (
				D0A09724178A648200D57EC5 /* Cocoa.framework in Frameworks */,
				34D377EF842A4FB7898A347A /* libPods.a in Frameworks */,
			);
			runOnlyForDeploymentPostprocessing = 0;
		};
		D0A0973C178A648200D57EC5 /* Frameworks */ = {
			isa = PBXFrameworksBuildPhase;
			buildActionMask = 2147483647;
			files = (
				D0A09742178A648200D57EC5 /* SenTestingKit.framework in Frameworks */,
				D0A09743178A648200D57EC5 /* Cocoa.framework in Frameworks */,
			);
			runOnlyForDeploymentPostprocessing = 0;
		};
/* End PBXFrameworksBuildPhase section */

/* Begin PBXGroup section */
		D0A09717178A648200D57EC5 = {
			isa = PBXGroup;
			children = (
				D0A09729178A648200D57EC5 /* camlistart */,
				D0A09746178A648200D57EC5 /* camlistartTests */,
				D0A09722178A648200D57EC5 /* Frameworks */,
				D0A09721178A648200D57EC5 /* Products */,
				7DE587EFBE224148A3D6DCA0 /* Pods.xcconfig */,
			);
			sourceTree = "<group>";
		};
		D0A09721178A648200D57EC5 /* Products */ = {
			isa = PBXGroup;
			children = (
				D0A09720178A648200D57EC5 /* camlistart.app */,
				D0A09740178A648200D57EC5 /* camlistartTests.octest */,
			);
			name = Products;
			sourceTree = "<group>";
		};
		D0A09722178A648200D57EC5 /* Frameworks */ = {
			isa = PBXGroup;
			children = (
				D0A09723178A648200D57EC5 /* Cocoa.framework */,
				D0A09741178A648200D57EC5 /* SenTestingKit.framework */,
				D0A09725178A648200D57EC5 /* Other Frameworks */,
				E3B0C20A01974DA398E19217 /* libPods.a */,
			);
			name = Frameworks;
			sourceTree = "<group>";
		};
		D0A09725178A648200D57EC5 /* Other Frameworks */ = {
			isa = PBXGroup;
			children = (
				D0A09726178A648200D57EC5 /* AppKit.framework */,
				D0A09727178A648200D57EC5 /* CoreData.framework */,
				D0A09728178A648200D57EC5 /* Foundation.framework */,
			);
			name = "Other Frameworks";
			sourceTree = "<group>";
		};
		D0A09729178A648200D57EC5 /* camlistart */ = {
			isa = PBXGroup;
			children = (
				D0A09735178A648200D57EC5 /* CAAppDelegate.h */,
				D0A09736178A648200D57EC5 /* CAAppDelegate.m */,
				D0A09738178A648200D57EC5 /* MainMenu.xib */,
				D0A09766178B8F4000D57EC5 /* MenubarController.h */,
				D0A09767178B8F4000D57EC5 /* MenubarController.m */,
				D0A09763178B8EAF00D57EC5 /* PanelController.h */,
				D0A09764178B8EAF00D57EC5 /* PanelController.m */,
				D0A09757178B8E5D00D57EC5 /* Panel.xib */,
				D0A09762178B8E9500D57EC5 /* Popup */,
				D0A0972A178A648200D57EC5 /* Supporting Files */,
			);
			path = camlistart;
			sourceTree = "<group>";
		};
		D0A0972A178A648200D57EC5 /* Supporting Files */ = {
			isa = PBXGroup;
			children = (
				D0A09771178B943200D57EC5 /* Images */,
				D0A0972B178A648200D57EC5 /* camlistart-Info.plist */,
				D0A0972C178A648200D57EC5 /* InfoPlist.strings */,
				D0A0972F178A648200D57EC5 /* main.m */,
				D0A09731178A648200D57EC5 /* camlistart-Prefix.pch */,
				D0A09732178A648200D57EC5 /* Credits.rtf */,
			);
			name = "Supporting Files";
			sourceTree = "<group>";
		};
		D0A09746178A648200D57EC5 /* camlistartTests */ = {
			isa = PBXGroup;
			children = (
				D0A0974C178A648200D57EC5 /* camlistartTests.h */,
				D0A0974D178A648200D57EC5 /* camlistartTests.m */,
				D0A09747178A648200D57EC5 /* Supporting Files */,
			);
			path = camlistartTests;
			sourceTree = "<group>";
		};
		D0A09747178A648200D57EC5 /* Supporting Files */ = {
			isa = PBXGroup;
			children = (
				D0A09748178A648200D57EC5 /* camlistartTests-Info.plist */,
				D0A09749178A648200D57EC5 /* InfoPlist.strings */,
			);
			name = "Supporting Files";
			sourceTree = "<group>";
		};
		D0A09762178B8E9500D57EC5 /* Popup */ = {
			isa = PBXGroup;
			children = (
				D0A09759178B8E9100D57EC5 /* Panel.h */,
				D0A0975A178B8E9100D57EC5 /* Panel.m */,
				D0A0975B178B8E9100D57EC5 /* StatusItemView.h */,
				D0A0975C178B8E9100D57EC5 /* StatusItemView.m */,
				D0A0975D178B8E9100D57EC5 /* BackgroundView.h */,
				D0A0975E178B8E9100D57EC5 /* BackgroundView.m */,
			);
			name = Popup;
			sourceTree = "<group>";
		};
		D0A09771178B943200D57EC5 /* Images */ = {
			isa = PBXGroup;
			children = (
				D0A09769178B942F00D57EC5 /* menuicon-selected.png */,
				D0A0976A178B942F00D57EC5 /* menuicon-selected@2x.png */,
				D0A0976B178B942F00D57EC5 /* menuicon.png */,
				D0A0976C178B942F00D57EC5 /* menuicon@2x.png */,
			);
			name = Images;
			sourceTree = "<group>";
		};
/* End PBXGroup section */

/* Begin PBXNativeTarget section */
		D0A0971F178A648200D57EC5 /* camlistart */ = {
			isa = PBXNativeTarget;
			buildConfigurationList = D0A09751178A648200D57EC5 /* Build configuration list for PBXNativeTarget "camlistart" */;
			buildPhases = (
				AFB62F19EE8F4466A8390D10 /* Check Pods Manifest.lock */,
				D0A0971C178A648200D57EC5 /* Sources */,
				D0A0971D178A648200D57EC5 /* Frameworks */,
				D0A0971E178A648200D57EC5 /* Resources */,
				8B84AE5C29E948CB898A4756 /* Copy Pods Resources */,
			);
			buildRules = (
			);
			dependencies = (
			);
			name = camlistart;
			productName = camlistart;
			productReference = D0A09720178A648200D57EC5 /* camlistart.app */;
			productType = "com.apple.product-type.application";
		};
		D0A0973F178A648200D57EC5 /* camlistartTests */ = {
			isa = PBXNativeTarget;
			buildConfigurationList = D0A09754178A648200D57EC5 /* Build configuration list for PBXNativeTarget "camlistartTests" */;
			buildPhases = (
				D0A0973B178A648200D57EC5 /* Sources */,
				D0A0973C178A648200D57EC5 /* Frameworks */,
				D0A0973D178A648200D57EC5 /* Resources */,
				D0A0973E178A648200D57EC5 /* ShellScript */,
			);
			buildRules = (
			);
			dependencies = (
				D0A09745178A648200D57EC5 /* PBXTargetDependency */,
			);
			name = camlistartTests;
			productName = camlistartTests;
			productReference = D0A09740178A648200D57EC5 /* camlistartTests.octest */;
			productType = "com.apple.product-type.bundle";
		};
/* End PBXNativeTarget section */

/* Begin PBXProject section */
		D0A09718178A648200D57EC5 /* Project object */ = {
			isa = PBXProject;
			attributes = {
				CLASSPREFIX = CA;
				LastUpgradeCheck = 0460;
				ORGANIZATIONNAME = Camlistore;
			};
			buildConfigurationList = D0A0971B178A648200D57EC5 /* Build configuration list for PBXProject "camlistart" */;
			compatibilityVersion = "Xcode 3.2";
			developmentRegion = English;
			hasScannedForEncodings = 0;
			knownRegions = (
				en,
			);
			mainGroup = D0A09717178A648200D57EC5;
			productRefGroup = D0A09721178A648200D57EC5 /* Products */;
			projectDirPath = "";
			projectRoot = "";
			targets = (
				D0A0971F178A648200D57EC5 /* camlistart */,
				D0A0973F178A648200D57EC5 /* camlistartTests */,
			);
		};
/* End PBXProject section */

/* Begin PBXResourcesBuildPhase section */
		D0A0971E178A648200D57EC5 /* Resources */ = {
			isa = PBXResourcesBuildPhase;
			buildActionMask = 2147483647;
			files = (
				D0A0972E178A648200D57EC5 /* InfoPlist.strings in Resources */,
				D0A09734178A648200D57EC5 /* Credits.rtf in Resources */,
				D0A0973A178A648200D57EC5 /* MainMenu.xib in Resources */,
				D0A09758178B8E5D00D57EC5 /* Panel.xib in Resources */,
				D0A0976D178B942F00D57EC5 /* menuicon-selected.png in Resources */,
				D0A0976E178B942F00D57EC5 /* menuicon-selected@2x.png in Resources */,
				D0A0976F178B942F00D57EC5 /* menuicon.png in Resources */,
				D0A09770178B942F00D57EC5 /* menuicon@2x.png in Resources */,
			);
			runOnlyForDeploymentPostprocessing = 0;
		};
		D0A0973D178A648200D57EC5 /* Resources */ = {
			isa = PBXResourcesBuildPhase;
			buildActionMask = 2147483647;
			files = (
				D0A0974B178A648200D57EC5 /* InfoPlist.strings in Resources */,
			);
			runOnlyForDeploymentPostprocessing = 0;
		};
/* End PBXResourcesBuildPhase section */

/* Begin PBXShellScriptBuildPhase section */
		8B84AE5C29E948CB898A4756 /* Copy Pods Resources */ = {
			isa = PBXShellScriptBuildPhase;
			buildActionMask = 2147483647;
			files = (
			);
			inputPaths = (
			);
			name = "Copy Pods Resources";
			outputPaths = (
			);
			runOnlyForDeploymentPostprocessing = 0;
			shellPath = /bin/sh;
			shellScript = "\"${SRCROOT}/Pods/Pods-resources.sh\"\n";
		};
		AFB62F19EE8F4466A8390D10 /* Check Pods Manifest.lock */ = {
			isa = PBXShellScriptBuildPhase;
			buildActionMask = 2147483647;
			files = (
			);
			inputPaths = (
			);
			name = "Check Pods Manifest.lock";
			outputPaths = (
			);
			runOnlyForDeploymentPostprocessing = 0;
			shellPath = /bin/sh;
			shellScript = "diff \"${PODS_ROOT}/../Podfile.lock\" \"${PODS_ROOT}/Manifest.lock\" > /dev/null\nif [[ $? != 0 ]] ; then\n    cat << EOM\nerror: The sanbox is not in sync with the Podfile.lock. Run 'pod install'.\nEOM\n    exit 1\nfi\n";
		};
		D0A0973E178A648200D57EC5 /* ShellScript */ = {
			isa = PBXShellScriptBuildPhase;
			buildActionMask = 2147483647;
			files = (
			);
			inputPaths = (
			);
			outputPaths = (
			);
			runOnlyForDeploymentPostprocessing = 0;
			shellPath = /bin/sh;
			shellScript = "# Run the unit tests in this test bundle.\n\"${SYSTEM_DEVELOPER_DIR}/Tools/RunUnitTests\"\n";
		};
/* End PBXShellScriptBuildPhase section */

/* Begin PBXSourcesBuildPhase section */
		D0A0971C178A648200D57EC5 /* Sources */ = {
			isa = PBXSourcesBuildPhase;
			buildActionMask = 2147483647;
			files = (
				D0A09730178A648200D57EC5 /* main.m in Sources */,
				D0A09737178A648200D57EC5 /* CAAppDelegate.m in Sources */,
				D0A0975F178B8E9100D57EC5 /* Panel.m in Sources */,
				D0A09760178B8E9100D57EC5 /* StatusItemView.m in Sources */,
				D0A09761178B8E9100D57EC5 /* BackgroundView.m in Sources */,
				D0A09765178B8EAF00D57EC5 /* PanelController.m in Sources */,
				D0A09768178B8F4000D57EC5 /* MenubarController.m in Sources */,
			);
			runOnlyForDeploymentPostprocessing = 0;
		};
		D0A0973B178A648200D57EC5 /* Sources */ = {
			isa = PBXSourcesBuildPhase;
			buildActionMask = 2147483647;
			files = (
				D0A0974E178A648200D57EC5 /* camlistartTests.m in Sources */,
			);
			runOnlyForDeploymentPostprocessing = 0;
		};
/* End PBXSourcesBuildPhase section */

/* Begin PBXTargetDependency section */
		D0A09745178A648200D57EC5 /* PBXTargetDependency */ = {
			isa = PBXTargetDependency;
			target = D0A0971F178A648200D57EC5 /* camlistart */;
			targetProxy = D0A09744178A648200D57EC5 /* PBXContainerItemProxy */;
		};
/* End PBXTargetDependency section */

/* Begin PBXVariantGroup section */
		D0A0972C178A648200D57EC5 /* InfoPlist.strings */ = {
			isa = PBXVariantGroup;
			children = (
				D0A0972D178A648200D57EC5 /* en */,
			);
			name = InfoPlist.strings;
			sourceTree = "<group>";
		};
		D0A09732178A648200D57EC5 /* Credits.rtf */ = {
			isa = PBXVariantGroup;
			children = (
				D0A09733178A648200D57EC5 /* en */,
			);
			name = Credits.rtf;
			sourceTree = "<group>";
		};
		D0A09738178A648200D57EC5 /* MainMenu.xib */ = {
			isa = PBXVariantGroup;
			children = (
				D0A09739178A648200D57EC5 /* en */,
			);
			name = MainMenu.xib;
			sourceTree = "<group>";
		};
		D0A09749178A648200D57EC5 /* InfoPlist.strings */ = {
			isa = PBXVariantGroup;
			children = (
				D0A0974A178A648200D57EC5 /* en */,
			);
			name = InfoPlist.strings;
			sourceTree = "<group>";
		};
/* End PBXVariantGroup section */

/* Begin XCBuildConfiguration section */
		D0A0974F178A648200D57EC5 /* Debug */ = {
			isa = XCBuildConfiguration;
			buildSettings = {
				ALWAYS_SEARCH_USER_PATHS = NO;
				ARCHS = "$(ARCHS_STANDARD_64_BIT)";
				CLANG_CXX_LANGUAGE_STANDARD = "gnu++0x";
				CLANG_CXX_LIBRARY = "libc++";
				CLANG_ENABLE_OBJC_ARC = YES;
				CLANG_WARN_CONSTANT_CONVERSION = YES;
				CLANG_WARN_EMPTY_BODY = YES;
				CLANG_WARN_ENUM_CONVERSION = YES;
				CLANG_WARN_INT_CONVERSION = YES;
				CLANG_WARN__DUPLICATE_METHOD_MATCH = YES;
				COPY_PHASE_STRIP = NO;
				GCC_C_LANGUAGE_STANDARD = gnu99;
				GCC_DYNAMIC_NO_PIC = NO;
				GCC_ENABLE_OBJC_EXCEPTIONS = YES;
				GCC_OPTIMIZATION_LEVEL = 0;
				GCC_PREPROCESSOR_DEFINITIONS = (
					"DEBUG=1",
					"$(inherited)",
				);
				GCC_SYMBOLS_PRIVATE_EXTERN = NO;
				GCC_WARN_64_TO_32_BIT_CONVERSION = YES;
				GCC_WARN_ABOUT_RETURN_TYPE = YES;
				GCC_WARN_UNINITIALIZED_AUTOS = YES;
				GCC_WARN_UNUSED_VARIABLE = YES;
				MACOSX_DEPLOYMENT_TARGET = 10.8;
				ONLY_ACTIVE_ARCH = YES;
				SDKROOT = macosx;
			};
			name = Debug;
		};
		D0A09750178A648200D57EC5 /* Release */ = {
			isa = XCBuildConfiguration;
			buildSettings = {
				ALWAYS_SEARCH_USER_PATHS = NO;
				ARCHS = "$(ARCHS_STANDARD_64_BIT)";
				CLANG_CXX_LANGUAGE_STANDARD = "gnu++0x";
				CLANG_CXX_LIBRARY = "libc++";
				CLANG_ENABLE_OBJC_ARC = YES;
				CLANG_WARN_CONSTANT_CONVERSION = YES;
				CLANG_WARN_EMPTY_BODY = YES;
				CLANG_WARN_ENUM_CONVERSION = YES;
				CLANG_WARN_INT_CONVERSION = YES;
				CLANG_WARN__DUPLICATE_METHOD_MATCH = YES;
				COPY_PHASE_STRIP = YES;
				DEBUG_INFORMATION_FORMAT = "dwarf-with-dsym";
				GCC_C_LANGUAGE_STANDARD = gnu99;
				GCC_ENABLE_OBJC_EXCEPTIONS = YES;
				GCC_WARN_64_TO_32_BIT_CONVERSION = YES;
				GCC_WARN_ABOUT_RETURN_TYPE = YES;
				GCC_WARN_UNINITIALIZED_AUTOS = YES;
				GCC_WARN_UNUSED_VARIABLE = YES;
				MACOSX_DEPLOYMENT_TARGET = 10.8;
				SDKROOT = macosx;
			};
			name = Release;
		};
		D0A09752178A648200D57EC5 /* Debug */ = {
			isa = XCBuildConfiguration;
			baseConfigurationReference = 7DE587EFBE224148A3D6DCA0 /* Pods.xcconfig */;
			buildSettings = {
				COMBINE_HIDPI_IMAGES = YES;
				GCC_PRECOMPILE_PREFIX_HEADER = YES;
				GCC_PREFIX_HEADER = "camlistart/camlistart-Prefix.pch";
				INFOPLIST_FILE = "camlistart/camlistart-Info.plist";
				PRODUCT_NAME = "$(TARGET_NAME)";
				WRAPPER_EXTENSION = app;
			};
			name = Debug;
		};
		D0A09753178A648200D57EC5 /* Release */ = {
			isa = XCBuildConfiguration;
			baseConfigurationReference = 7DE587EFBE224148A3D6DCA0 /* Pods.xcconfig */;
			buildSettings = {
				COMBINE_HIDPI_IMAGES = YES;
				GCC_PRECOMPILE_PREFIX_HEADER = YES;
				GCC_PREFIX_HEADER = "camlistart/camlistart-Prefix.pch";
				INFOPLIST_FILE = "camlistart/camlistart-Info.plist";
				PRODUCT_NAME = "$(TARGET_NAME)";
				WRAPPER_EXTENSION = app;
			};
			name = Release;
		};
		D0A09755178A648200D57EC5 /* Debug */ = {
			isa = XCBuildConfiguration;
			buildSettings = {
				BUNDLE_LOADER = "$(BUILT_PRODUCTS_DIR)/camlistart.app/Contents/MacOS/camlistart";
				COMBINE_HIDPI_IMAGES = YES;
				FRAMEWORK_SEARCH_PATHS = "\"$(DEVELOPER_LIBRARY_DIR)/Frameworks\"";
				GCC_PRECOMPILE_PREFIX_HEADER = YES;
				GCC_PREFIX_HEADER = "camlistart/camlistart-Prefix.pch";
				INFOPLIST_FILE = "camlistartTests/camlistartTests-Info.plist";
				PRODUCT_NAME = "$(TARGET_NAME)";
				TEST_HOST = "$(BUNDLE_LOADER)";
				WRAPPER_EXTENSION = octest;
			};
			name = Debug;
		};
		D0A09756178A648200D57EC5 /* Release */ = {
			isa = XCBuildConfiguration;
			buildSettings = {
				BUNDLE_LOADER = "$(BUILT_PRODUCTS_DIR)/camlistart.app/Contents/MacOS/camlistart";
				COMBINE_HIDPI_IMAGES = YES;
				FRAMEWORK_SEARCH_PATHS = "\"$(DEVELOPER_LIBRARY_DIR)/Frameworks\"";
				GCC_PRECOMPILE_PREFIX_HEADER = YES;
				GCC_PREFIX_HEADER = "camlistart/camlistart-Prefix.pch";
				INFOPLIST_FILE = "camlistartTests/camlistartTests-Info.plist";
				PRODUCT_NAME = "$(TARGET_NAME)";
				TEST_HOST = "$(BUNDLE_LOADER)";
				WRAPPER_EXTENSION = octest;
			};
			name = Release;
		};
/* End XCBuildConfiguration section */

/* Begin XCConfigurationList section */
		D0A0971B178A648200D57EC5 /* Build configuration list for PBXProject "camlistart" */ = {
			isa = XCConfigurationList;
			buildConfigurations = (
				D0A0974F178A648200D57EC5 /* Debug */,
				D0A09750178A648200D57EC5 /* Release */,
			);
			defaultConfigurationIsVisible = 0;
			defaultConfigurationName = Release;
		};
		D0A09751178A648200D57EC5 /* Build configuration list for PBXNativeTarget "camlistart" */ = {
			isa = XCConfigurationList;
			buildConfigurations = (
				D0A09752178A648200D57EC5 /* Debug */,
				D0A09753178A648200D57EC5 /* Release */,
			);
			defaultConfigurationIsVisible = 0;
			defaultConfigurationName = Release;
		};
		D0A09754178A648200D57EC5 /* Build configuration list for PBXNativeTarget "camlistartTests" */ = {
			isa = XCConfigurationList;
			buildConfigurations = (
				D0A09755178A648200D57EC5 /* Debug */,
				D0A09756178A648200D57EC5 /* Release */,
			);
			defaultConfigurationIsVisible = 0;
			defaultConfigurationName = Release;
		};
/* End XCConfigurationList section */
	};
	rootObject = D0A09718178A648200D57EC5 /* Project object */;
}
