// !$*UTF8*$!
{
	archiveVersion = 1;
	classes = {
	};
	objectVersion = 46;
	objects = {

/* Begin PBXBuildFile section */
		2051975F9A3B42668D11045C /* libPods.a in Frameworks */ = {isa = PBXBuildFile; fileRef = C6265C93000C47B5BFE9BB61 /* libPods.a */; };
		D075B282184944330054FED3 /* LACamliUtil.m in Sources */ = {isa = PBXBuildFile; fileRef = D075B281184944330054FED3 /* LACamliUtil.m */; };
		D075B28518494DB20054FED3 /* LACamliUploadOperation.m in Sources */ = {isa = PBXBuildFile; fileRef = D075B28418494DB20054FED3 /* LACamliUploadOperation.m */; };
		D078FB0918726D1300F2ABF7 /* CoreText.framework in Frameworks */ = {isa = PBXBuildFile; fileRef = D078FB0818726D1300F2ABF7 /* CoreText.framework */; };
		D078FB0B18726D1C00F2ABF7 /* QuartzCore.framework in Frameworks */ = {isa = PBXBuildFile; fileRef = D078FB0A18726D1C00F2ABF7 /* QuartzCore.framework */; };
		D078FB0D18726D2100F2ABF7 /* Security.framework in Frameworks */ = {isa = PBXBuildFile; fileRef = D078FB0C18726D2100F2ABF7 /* Security.framework */; };
		D078FB0F18726D2900F2ABF7 /* SystemConfiguration.framework in Frameworks */ = {isa = PBXBuildFile; fileRef = D078FB0E18726D2900F2ABF7 /* SystemConfiguration.framework */; };
		D08F9118187B417E006F6B8D /* UploadStatusCell.m in Sources */ = {isa = PBXBuildFile; fileRef = D08F9117187B417E006F6B8D /* UploadStatusCell.m */; };
		D08F911B187B4189006F6B8D /* UploadTaskCell.m in Sources */ = {isa = PBXBuildFile; fileRef = D08F911A187B4189006F6B8D /* UploadTaskCell.m */; };
		D095AE131814AF10008163F2 /* Foundation.framework in Frameworks */ = {isa = PBXBuildFile; fileRef = D095AE121814AF10008163F2 /* Foundation.framework */; };
		D095AE151814AF10008163F2 /* CoreGraphics.framework in Frameworks */ = {isa = PBXBuildFile; fileRef = D095AE141814AF10008163F2 /* CoreGraphics.framework */; };
		D095AE171814AF10008163F2 /* UIKit.framework in Frameworks */ = {isa = PBXBuildFile; fileRef = D095AE161814AF10008163F2 /* UIKit.framework */; };
		D095AE1D1814AF10008163F2 /* InfoPlist.strings in Resources */ = {isa = PBXBuildFile; fileRef = D095AE1B1814AF10008163F2 /* InfoPlist.strings */; };
		D095AE1F1814AF10008163F2 /* main.m in Sources */ = {isa = PBXBuildFile; fileRef = D095AE1E1814AF10008163F2 /* main.m */; };
		D095AE231814AF10008163F2 /* LAAppDelegate.m in Sources */ = {isa = PBXBuildFile; fileRef = D095AE221814AF10008163F2 /* LAAppDelegate.m */; };
		D095AE261814AF10008163F2 /* Main_iPhone.storyboard in Resources */ = {isa = PBXBuildFile; fileRef = D095AE241814AF10008163F2 /* Main_iPhone.storyboard */; };
		D095AE2C1814AF10008163F2 /* LAViewController.m in Sources */ = {isa = PBXBuildFile; fileRef = D095AE2B1814AF10008163F2 /* LAViewController.m */; };
		D095AE2E1814AF10008163F2 /* Images.xcassets in Resources */ = {isa = PBXBuildFile; fileRef = D095AE2D1814AF10008163F2 /* Images.xcassets */; };
		D095AE351814AF10008163F2 /* XCTest.framework in Frameworks */ = {isa = PBXBuildFile; fileRef = D095AE341814AF10008163F2 /* XCTest.framework */; };
		D095AE361814AF10008163F2 /* Foundation.framework in Frameworks */ = {isa = PBXBuildFile; fileRef = D095AE121814AF10008163F2 /* Foundation.framework */; };
		D095AE371814AF10008163F2 /* UIKit.framework in Frameworks */ = {isa = PBXBuildFile; fileRef = D095AE161814AF10008163F2 /* UIKit.framework */; };
		D095AE3F1814AF10008163F2 /* InfoPlist.strings in Resources */ = {isa = PBXBuildFile; fileRef = D095AE3D1814AF10008163F2 /* InfoPlist.strings */; };
		D095AE411814AF10008163F2 /* photobackupTests.m in Sources */ = {isa = PBXBuildFile; fileRef = D095AE401814AF10008163F2 /* photobackupTests.m */; };
		D095AE501814B1B9008163F2 /* LACamliFile.m in Sources */ = {isa = PBXBuildFile; fileRef = D095AE4C1814B1B9008163F2 /* LACamliFile.m */; };
		D095AE511814B1B9008163F2 /* LACamliClient.m in Sources */ = {isa = PBXBuildFile; fileRef = D095AE4E1814B1B9008163F2 /* LACamliClient.m */; };
		D0D45EA1185FE2BE00EBC0A2 /* SettingsViewController.m in Sources */ = {isa = PBXBuildFile; fileRef = D0D45EA0185FE2BE00EBC0A2 /* SettingsViewController.m */; };
/* End PBXBuildFile section */

/* Begin PBXContainerItemProxy section */
		D095AE381814AF10008163F2 /* PBXContainerItemProxy */ = {
			isa = PBXContainerItemProxy;
			containerPortal = D095AE071814AF10008163F2 /* Project object */;
			proxyType = 1;
			remoteGlobalIDString = D095AE0E1814AF10008163F2;
			remoteInfo = photobackup;
		};
/* End PBXContainerItemProxy section */

/* Begin PBXFileReference section */
		208E1D70286D49129C896012 /* Pods.xcconfig */ = {isa = PBXFileReference; includeInIndex = 1; lastKnownFileType = text.xcconfig; name = Pods.xcconfig; path = Pods/Pods.xcconfig; sourceTree = "<group>"; };
		C6265C93000C47B5BFE9BB61 /* libPods.a */ = {isa = PBXFileReference; explicitFileType = archive.ar; includeInIndex = 0; path = libPods.a; sourceTree = BUILT_PRODUCTS_DIR; };
		D075B280184944330054FED3 /* LACamliUtil.h */ = {isa = PBXFileReference; fileEncoding = 4; lastKnownFileType = sourcecode.c.h; path = LACamliUtil.h; sourceTree = "<group>"; };
		D075B281184944330054FED3 /* LACamliUtil.m */ = {isa = PBXFileReference; fileEncoding = 4; lastKnownFileType = sourcecode.c.objc; path = LACamliUtil.m; sourceTree = "<group>"; };
		D075B28318494DB20054FED3 /* LACamliUploadOperation.h */ = {isa = PBXFileReference; fileEncoding = 4; lastKnownFileType = sourcecode.c.h; path = LACamliUploadOperation.h; sourceTree = "<group>"; };
		D075B28418494DB20054FED3 /* LACamliUploadOperation.m */ = {isa = PBXFileReference; fileEncoding = 4; lastKnownFileType = sourcecode.c.objc; path = LACamliUploadOperation.m; sourceTree = "<group>"; };
		D078FB0818726D1300F2ABF7 /* CoreText.framework */ = {isa = PBXFileReference; lastKnownFileType = wrapper.framework; name = CoreText.framework; path = System/Library/Frameworks/CoreText.framework; sourceTree = SDKROOT; };
		D078FB0A18726D1C00F2ABF7 /* QuartzCore.framework */ = {isa = PBXFileReference; lastKnownFileType = wrapper.framework; name = QuartzCore.framework; path = System/Library/Frameworks/QuartzCore.framework; sourceTree = SDKROOT; };
		D078FB0C18726D2100F2ABF7 /* Security.framework */ = {isa = PBXFileReference; lastKnownFileType = wrapper.framework; name = Security.framework; path = System/Library/Frameworks/Security.framework; sourceTree = SDKROOT; };
		D078FB0E18726D2900F2ABF7 /* SystemConfiguration.framework */ = {isa = PBXFileReference; lastKnownFileType = wrapper.framework; name = SystemConfiguration.framework; path = System/Library/Frameworks/SystemConfiguration.framework; sourceTree = SDKROOT; };
		D08F9116187B417E006F6B8D /* UploadStatusCell.h */ = {isa = PBXFileReference; fileEncoding = 4; lastKnownFileType = sourcecode.c.h; path = UploadStatusCell.h; sourceTree = "<group>"; };
		D08F9117187B417E006F6B8D /* UploadStatusCell.m */ = {isa = PBXFileReference; fileEncoding = 4; lastKnownFileType = sourcecode.c.objc; path = UploadStatusCell.m; sourceTree = "<group>"; };
		D08F9119187B4189006F6B8D /* UploadTaskCell.h */ = {isa = PBXFileReference; fileEncoding = 4; lastKnownFileType = sourcecode.c.h; path = UploadTaskCell.h; sourceTree = "<group>"; };
		D08F911A187B4189006F6B8D /* UploadTaskCell.m */ = {isa = PBXFileReference; fileEncoding = 4; lastKnownFileType = sourcecode.c.objc; path = UploadTaskCell.m; sourceTree = "<group>"; };
		D095AE0F1814AF10008163F2 /* photobackup.app */ = {isa = PBXFileReference; explicitFileType = wrapper.application; includeInIndex = 0; path = photobackup.app; sourceTree = BUILT_PRODUCTS_DIR; };
		D095AE121814AF10008163F2 /* Foundation.framework */ = {isa = PBXFileReference; lastKnownFileType = wrapper.framework; name = Foundation.framework; path = System/Library/Frameworks/Foundation.framework; sourceTree = SDKROOT; };
		D095AE141814AF10008163F2 /* CoreGraphics.framework */ = {isa = PBXFileReference; lastKnownFileType = wrapper.framework; name = CoreGraphics.framework; path = System/Library/Frameworks/CoreGraphics.framework; sourceTree = SDKROOT; };
		D095AE161814AF10008163F2 /* UIKit.framework */ = {isa = PBXFileReference; lastKnownFileType = wrapper.framework; name = UIKit.framework; path = System/Library/Frameworks/UIKit.framework; sourceTree = SDKROOT; };
		D095AE1A1814AF10008163F2 /* photobackup-Info.plist */ = {isa = PBXFileReference; lastKnownFileType = text.plist.xml; path = "photobackup-Info.plist"; sourceTree = "<group>"; };
		D095AE1C1814AF10008163F2 /* en */ = {isa = PBXFileReference; lastKnownFileType = text.plist.strings; name = en; path = en.lproj/InfoPlist.strings; sourceTree = "<group>"; };
		D095AE1E1814AF10008163F2 /* main.m */ = {isa = PBXFileReference; lastKnownFileType = sourcecode.c.objc; path = main.m; sourceTree = "<group>"; };
		D095AE201814AF10008163F2 /* photobackup-Prefix.pch */ = {isa = PBXFileReference; lastKnownFileType = sourcecode.c.h; path = "photobackup-Prefix.pch"; sourceTree = "<group>"; };
		D095AE211814AF10008163F2 /* LAAppDelegate.h */ = {isa = PBXFileReference; lastKnownFileType = sourcecode.c.h; path = LAAppDelegate.h; sourceTree = "<group>"; };
		D095AE221814AF10008163F2 /* LAAppDelegate.m */ = {isa = PBXFileReference; lastKnownFileType = sourcecode.c.objc; path = LAAppDelegate.m; sourceTree = "<group>"; };
		D095AE251814AF10008163F2 /* Base */ = {isa = PBXFileReference; lastKnownFileType = file.storyboard; name = Base; path = Base.lproj/Main_iPhone.storyboard; sourceTree = "<group>"; };
		D095AE2A1814AF10008163F2 /* LAViewController.h */ = {isa = PBXFileReference; lastKnownFileType = sourcecode.c.h; path = LAViewController.h; sourceTree = "<group>"; };
		D095AE2B1814AF10008163F2 /* LAViewController.m */ = {isa = PBXFileReference; lastKnownFileType = sourcecode.c.objc; path = LAViewController.m; sourceTree = "<group>"; };
		D095AE2D1814AF10008163F2 /* Images.xcassets */ = {isa = PBXFileReference; lastKnownFileType = folder.assetcatalog; path = Images.xcassets; sourceTree = "<group>"; };
		D095AE331814AF10008163F2 /* photobackupTests.xctest */ = {isa = PBXFileReference; explicitFileType = wrapper.cfbundle; includeInIndex = 0; path = photobackupTests.xctest; sourceTree = BUILT_PRODUCTS_DIR; };
		D095AE341814AF10008163F2 /* XCTest.framework */ = {isa = PBXFileReference; lastKnownFileType = wrapper.framework; name = XCTest.framework; path = Library/Frameworks/XCTest.framework; sourceTree = DEVELOPER_DIR; };
		D095AE3C1814AF10008163F2 /* photobackupTests-Info.plist */ = {isa = PBXFileReference; lastKnownFileType = text.plist.xml; path = "photobackupTests-Info.plist"; sourceTree = "<group>"; };
		D095AE3E1814AF10008163F2 /* en */ = {isa = PBXFileReference; lastKnownFileType = text.plist.strings; name = en; path = en.lproj/InfoPlist.strings; sourceTree = "<group>"; };
		D095AE401814AF10008163F2 /* photobackupTests.m */ = {isa = PBXFileReference; lastKnownFileType = sourcecode.c.objc; path = photobackupTests.m; sourceTree = "<group>"; };
		D095AE4B1814B1B9008163F2 /* LACamliFile.h */ = {isa = PBXFileReference; fileEncoding = 4; lastKnownFileType = sourcecode.c.h; path = LACamliFile.h; sourceTree = "<group>"; };
		D095AE4C1814B1B9008163F2 /* LACamliFile.m */ = {isa = PBXFileReference; fileEncoding = 4; lastKnownFileType = sourcecode.c.objc; path = LACamliFile.m; sourceTree = "<group>"; };
		D095AE4D1814B1B9008163F2 /* LACamliClient.h */ = {isa = PBXFileReference; fileEncoding = 4; lastKnownFileType = sourcecode.c.h; path = LACamliClient.h; sourceTree = "<group>"; };
		D095AE4E1814B1B9008163F2 /* LACamliClient.m */ = {isa = PBXFileReference; fileEncoding = 4; lastKnownFileType = sourcecode.c.objc; path = LACamliClient.m; sourceTree = "<group>"; };
		D0D45E9F185FE2BE00EBC0A2 /* SettingsViewController.h */ = {isa = PBXFileReference; fileEncoding = 4; lastKnownFileType = sourcecode.c.h; path = SettingsViewController.h; sourceTree = "<group>"; };
		D0D45EA0185FE2BE00EBC0A2 /* SettingsViewController.m */ = {isa = PBXFileReference; fileEncoding = 4; lastKnownFileType = sourcecode.c.objc; path = SettingsViewController.m; sourceTree = "<group>"; };
/* End PBXFileReference section */

/* Begin PBXFrameworksBuildPhase section */
		D095AE0C1814AF10008163F2 /* Frameworks */ = {
			isa = PBXFrameworksBuildPhase;
			buildActionMask = 2147483647;
			files = (
				D078FB0F18726D2900F2ABF7 /* SystemConfiguration.framework in Frameworks */,
				D078FB0D18726D2100F2ABF7 /* Security.framework in Frameworks */,
				D078FB0B18726D1C00F2ABF7 /* QuartzCore.framework in Frameworks */,
				D078FB0918726D1300F2ABF7 /* CoreText.framework in Frameworks */,
				D095AE151814AF10008163F2 /* CoreGraphics.framework in Frameworks */,
				D095AE171814AF10008163F2 /* UIKit.framework in Frameworks */,
				D095AE131814AF10008163F2 /* Foundation.framework in Frameworks */,
				2051975F9A3B42668D11045C /* libPods.a in Frameworks */,
			);
			runOnlyForDeploymentPostprocessing = 0;
		};
		D095AE301814AF10008163F2 /* Frameworks */ = {
			isa = PBXFrameworksBuildPhase;
			buildActionMask = 2147483647;
			files = (
				D095AE351814AF10008163F2 /* XCTest.framework in Frameworks */,
				D095AE371814AF10008163F2 /* UIKit.framework in Frameworks */,
				D095AE361814AF10008163F2 /* Foundation.framework in Frameworks */,
			);
			runOnlyForDeploymentPostprocessing = 0;
		};
/* End PBXFrameworksBuildPhase section */

/* Begin PBXGroup section */
		D08F911C187B4190006F6B8D /* Main UI */ = {
			isa = PBXGroup;
			children = (
				D095AE241814AF10008163F2 /* Main_iPhone.storyboard */,
				D095AE2A1814AF10008163F2 /* LAViewController.h */,
				D095AE2B1814AF10008163F2 /* LAViewController.m */,
				D08F9116187B417E006F6B8D /* UploadStatusCell.h */,
				D08F9117187B417E006F6B8D /* UploadStatusCell.m */,
				D08F9119187B4189006F6B8D /* UploadTaskCell.h */,
				D08F911A187B4189006F6B8D /* UploadTaskCell.m */,
			);
			name = "Main UI";
			sourceTree = "<group>";
		};
		D095AE061814AF10008163F2 = {
			isa = PBXGroup;
			children = (
				D095AE181814AF10008163F2 /* photobackup */,
				D095AE3A1814AF10008163F2 /* photobackupTests */,
				D095AE111814AF10008163F2 /* Frameworks */,
				D095AE101814AF10008163F2 /* Products */,
				208E1D70286D49129C896012 /* Pods.xcconfig */,
			);
			sourceTree = "<group>";
		};
		D095AE101814AF10008163F2 /* Products */ = {
			isa = PBXGroup;
			children = (
				D095AE0F1814AF10008163F2 /* photobackup.app */,
				D095AE331814AF10008163F2 /* photobackupTests.xctest */,
			);
			name = Products;
			sourceTree = "<group>";
		};
		D095AE111814AF10008163F2 /* Frameworks */ = {
			isa = PBXGroup;
			children = (
				D078FB0E18726D2900F2ABF7 /* SystemConfiguration.framework */,
				D078FB0C18726D2100F2ABF7 /* Security.framework */,
				D078FB0A18726D1C00F2ABF7 /* QuartzCore.framework */,
				D078FB0818726D1300F2ABF7 /* CoreText.framework */,
				D095AE121814AF10008163F2 /* Foundation.framework */,
				D095AE141814AF10008163F2 /* CoreGraphics.framework */,
				D095AE161814AF10008163F2 /* UIKit.framework */,
				D095AE341814AF10008163F2 /* XCTest.framework */,
				C6265C93000C47B5BFE9BB61 /* libPods.a */,
			);
			name = Frameworks;
			sourceTree = "<group>";
		};
		D095AE181814AF10008163F2 /* photobackup */ = {
			isa = PBXGroup;
			children = (
				D095AE4A1814B1B9008163F2 /* LACamliClient */,
				D095AE211814AF10008163F2 /* LAAppDelegate.h */,
				D095AE221814AF10008163F2 /* LAAppDelegate.m */,
				D08F911C187B4190006F6B8D /* Main UI */,
				D0D45E9F185FE2BE00EBC0A2 /* SettingsViewController.h */,
				D0D45EA0185FE2BE00EBC0A2 /* SettingsViewController.m */,
				D095AE2D1814AF10008163F2 /* Images.xcassets */,
				D095AE191814AF10008163F2 /* Supporting Files */,
			);
			path = photobackup;
			sourceTree = "<group>";
		};
		D095AE191814AF10008163F2 /* Supporting Files */ = {
			isa = PBXGroup;
			children = (
				D095AE1A1814AF10008163F2 /* photobackup-Info.plist */,
				D095AE1B1814AF10008163F2 /* InfoPlist.strings */,
				D095AE1E1814AF10008163F2 /* main.m */,
				D095AE201814AF10008163F2 /* photobackup-Prefix.pch */,
			);
			name = "Supporting Files";
			sourceTree = "<group>";
		};
		D095AE3A1814AF10008163F2 /* photobackupTests */ = {
			isa = PBXGroup;
			children = (
				D095AE401814AF10008163F2 /* photobackupTests.m */,
				D095AE3B1814AF10008163F2 /* Supporting Files */,
			);
			path = photobackupTests;
			sourceTree = "<group>";
		};
		D095AE3B1814AF10008163F2 /* Supporting Files */ = {
			isa = PBXGroup;
			children = (
				D095AE3C1814AF10008163F2 /* photobackupTests-Info.plist */,
				D095AE3D1814AF10008163F2 /* InfoPlist.strings */,
			);
			name = "Supporting Files";
			sourceTree = "<group>";
		};
		D095AE4A1814B1B9008163F2 /* LACamliClient */ = {
			isa = PBXGroup;
			children = (
				D095AE4B1814B1B9008163F2 /* LACamliFile.h */,
				D095AE4C1814B1B9008163F2 /* LACamliFile.m */,
				D095AE4D1814B1B9008163F2 /* LACamliClient.h */,
				D095AE4E1814B1B9008163F2 /* LACamliClient.m */,
				D075B280184944330054FED3 /* LACamliUtil.h */,
				D075B281184944330054FED3 /* LACamliUtil.m */,
				D075B28318494DB20054FED3 /* LACamliUploadOperation.h */,
				D075B28418494DB20054FED3 /* LACamliUploadOperation.m */,
			);
			path = LACamliClient;
			sourceTree = "<group>";
		};
/* End PBXGroup section */

/* Begin PBXNativeTarget section */
		D095AE0E1814AF10008163F2 /* photobackup */ = {
			isa = PBXNativeTarget;
			buildConfigurationList = D095AE441814AF10008163F2 /* Build configuration list for PBXNativeTarget "photobackup" */;
			buildPhases = (
				85BE1708753D47A8B10D430C /* Check Pods Manifest.lock */,
				D095AE0B1814AF10008163F2 /* Sources */,
				D095AE0C1814AF10008163F2 /* Frameworks */,
				D095AE0D1814AF10008163F2 /* Resources */,
				A368DE813E1349B0810D9274 /* Copy Pods Resources */,
			);
			buildRules = (
			);
			dependencies = (
			);
			name = photobackup;
			productName = photobackup;
			productReference = D095AE0F1814AF10008163F2 /* photobackup.app */;
			productType = "com.apple.product-type.application";
		};
		D095AE321814AF10008163F2 /* photobackupTests */ = {
			isa = PBXNativeTarget;
			buildConfigurationList = D095AE471814AF10008163F2 /* Build configuration list for PBXNativeTarget "photobackupTests" */;
			buildPhases = (
				D095AE2F1814AF10008163F2 /* Sources */,
				D095AE301814AF10008163F2 /* Frameworks */,
				D095AE311814AF10008163F2 /* Resources */,
			);
			buildRules = (
			);
			dependencies = (
				D095AE391814AF10008163F2 /* PBXTargetDependency */,
			);
			name = photobackupTests;
			productName = photobackupTests;
			productReference = D095AE331814AF10008163F2 /* photobackupTests.xctest */;
			productType = "com.apple.product-type.bundle.unit-test";
		};
/* End PBXNativeTarget section */

/* Begin PBXProject section */
		D095AE071814AF10008163F2 /* Project object */ = {
			isa = PBXProject;
			attributes = {
				CLASSPREFIX = LA;
				LastUpgradeCheck = 0500;
				ORGANIZATIONNAME = "Nick O'Neill";
				TargetAttributes = {
					D095AE0E1814AF10008163F2 = {
						DevelopmentTeam = H6S4PTUWAA;
						SystemCapabilities = {
							com.apple.BackgroundModes = {
								enabled = 1;
							};
						};
					};
					D095AE321814AF10008163F2 = {
						TestTargetID = D095AE0E1814AF10008163F2;
					};
				};
			};
			buildConfigurationList = D095AE0A1814AF10008163F2 /* Build configuration list for PBXProject "photobackup" */;
			compatibilityVersion = "Xcode 3.2";
			developmentRegion = English;
			hasScannedForEncodings = 0;
			knownRegions = (
				en,
				Base,
			);
			mainGroup = D095AE061814AF10008163F2;
			productRefGroup = D095AE101814AF10008163F2 /* Products */;
			projectDirPath = "";
			projectRoot = "";
			targets = (
				D095AE0E1814AF10008163F2 /* photobackup */,
				D095AE321814AF10008163F2 /* photobackupTests */,
			);
		};
/* End PBXProject section */

/* Begin PBXResourcesBuildPhase section */
		D095AE0D1814AF10008163F2 /* Resources */ = {
			isa = PBXResourcesBuildPhase;
			buildActionMask = 2147483647;
			files = (
				D095AE2E1814AF10008163F2 /* Images.xcassets in Resources */,
				D095AE261814AF10008163F2 /* Main_iPhone.storyboard in Resources */,
				D095AE1D1814AF10008163F2 /* InfoPlist.strings in Resources */,
			);
			runOnlyForDeploymentPostprocessing = 0;
		};
		D095AE311814AF10008163F2 /* Resources */ = {
			isa = PBXResourcesBuildPhase;
			buildActionMask = 2147483647;
			files = (
				D095AE3F1814AF10008163F2 /* InfoPlist.strings in Resources */,
			);
			runOnlyForDeploymentPostprocessing = 0;
		};
/* End PBXResourcesBuildPhase section */

/* Begin PBXShellScriptBuildPhase section */
		85BE1708753D47A8B10D430C /* Check Pods Manifest.lock */ = {
			isa = PBXShellScriptBuildPhase;
			buildActionMask = 2147483647;
			files = (
			);
			inputPaths = (
			);
			name = "Check Pods Manifest.lock";
			outputPaths = (
			);
			runOnlyForDeploymentPostprocessing = 0;
			shellPath = /bin/sh;
			shellScript = "diff \"${PODS_ROOT}/../Podfile.lock\" \"${PODS_ROOT}/Manifest.lock\" > /dev/null\nif [[ $? != 0 ]] ; then\n    cat << EOM\nerror: The sandbox is not in sync with the Podfile.lock. Run 'pod install' or update your CocoaPods installation.\nEOM\n    exit 1\nfi\n";
			showEnvVarsInLog = 0;
		};
		A368DE813E1349B0810D9274 /* Copy Pods Resources */ = {
			isa = PBXShellScriptBuildPhase;
			buildActionMask = 2147483647;
			files = (
			);
			inputPaths = (
			);
			name = "Copy Pods Resources";
			outputPaths = (
			);
			runOnlyForDeploymentPostprocessing = 0;
			shellPath = /bin/sh;
			shellScript = "\"${SRCROOT}/Pods/Pods-resources.sh\"\n";
			showEnvVarsInLog = 0;
		};
/* End PBXShellScriptBuildPhase section */

/* Begin PBXSourcesBuildPhase section */
		D095AE0B1814AF10008163F2 /* Sources */ = {
			isa = PBXSourcesBuildPhase;
			buildActionMask = 2147483647;
			files = (
				D095AE1F1814AF10008163F2 /* main.m in Sources */,
				D095AE511814B1B9008163F2 /* LACamliClient.m in Sources */,
				D08F911B187B4189006F6B8D /* UploadTaskCell.m in Sources */,
				D095AE501814B1B9008163F2 /* LACamliFile.m in Sources */,
				D075B282184944330054FED3 /* LACamliUtil.m in Sources */,
				D095AE231814AF10008163F2 /* LAAppDelegate.m in Sources */,
				D0D45EA1185FE2BE00EBC0A2 /* SettingsViewController.m in Sources */,
				D095AE2C1814AF10008163F2 /* LAViewController.m in Sources */,
				D075B28518494DB20054FED3 /* LACamliUploadOperation.m in Sources */,
				D08F9118187B417E006F6B8D /* UploadStatusCell.m in Sources */,
			);
			runOnlyForDeploymentPostprocessing = 0;
		};
		D095AE2F1814AF10008163F2 /* Sources */ = {
			isa = PBXSourcesBuildPhase;
			buildActionMask = 2147483647;
			files = (
				D095AE411814AF10008163F2 /* photobackupTests.m in Sources */,
			);
			runOnlyForDeploymentPostprocessing = 0;
		};
/* End PBXSourcesBuildPhase section */

/* Begin PBXTargetDependency section */
		D095AE391814AF10008163F2 /* PBXTargetDependency */ = {
			isa = PBXTargetDependency;
			target = D095AE0E1814AF10008163F2 /* photobackup */;
			targetProxy = D095AE381814AF10008163F2 /* PBXContainerItemProxy */;
		};
/* End PBXTargetDependency section */

/* Begin PBXVariantGroup section */
		D095AE1B1814AF10008163F2 /* InfoPlist.strings */ = {
			isa = PBXVariantGroup;
			children = (
				D095AE1C1814AF10008163F2 /* en */,
			);
			name = InfoPlist.strings;
			sourceTree = "<group>";
		};
		D095AE241814AF10008163F2 /* Main_iPhone.storyboard */ = {
			isa = PBXVariantGroup;
			children = (
				D095AE251814AF10008163F2 /* Base */,
			);
			name = Main_iPhone.storyboard;
			sourceTree = "<group>";
		};
		D095AE3D1814AF10008163F2 /* InfoPlist.strings */ = {
			isa = PBXVariantGroup;
			children = (
				D095AE3E1814AF10008163F2 /* en */,
			);
			name = InfoPlist.strings;
			sourceTree = "<group>";
		};
/* End PBXVariantGroup section */

/* Begin XCBuildConfiguration section */
		D095AE421814AF10008163F2 /* Debug */ = {
			isa = XCBuildConfiguration;
			buildSettings = {
				ALWAYS_SEARCH_USER_PATHS = NO;
				ARCHS = "$(ARCHS_STANDARD_INCLUDING_64_BIT)";
				CLANG_CXX_LANGUAGE_STANDARD = "gnu++0x";
				CLANG_CXX_LIBRARY = "libc++";
				CLANG_ENABLE_MODULES = YES;
				CLANG_ENABLE_OBJC_ARC = YES;
				CLANG_WARN_BOOL_CONVERSION = YES;
				CLANG_WARN_CONSTANT_CONVERSION = YES;
				CLANG_WARN_DIRECT_OBJC_ISA_USAGE = YES_ERROR;
				CLANG_WARN_EMPTY_BODY = YES;
				CLANG_WARN_ENUM_CONVERSION = YES;
				CLANG_WARN_INT_CONVERSION = YES;
				CLANG_WARN_OBJC_ROOT_CLASS = YES_ERROR;
				CLANG_WARN__DUPLICATE_METHOD_MATCH = YES;
				"CODE_SIGN_IDENTITY[sdk=iphoneos*]" = "iPhone Developer";
				COPY_PHASE_STRIP = NO;
				GCC_C_LANGUAGE_STANDARD = gnu99;
				GCC_DYNAMIC_NO_PIC = NO;
				GCC_OPTIMIZATION_LEVEL = 0;
				GCC_PREPROCESSOR_DEFINITIONS = (
					"DEBUG=1",
					"$(inherited)",
				);
				GCC_SYMBOLS_PRIVATE_EXTERN = NO;
				GCC_WARN_64_TO_32_BIT_CONVERSION = YES;
				GCC_WARN_ABOUT_RETURN_TYPE = YES_ERROR;
				GCC_WARN_UNDECLARED_SELECTOR = YES;
				GCC_WARN_UNINITIALIZED_AUTOS = YES;
				GCC_WARN_UNUSED_FUNCTION = YES;
				GCC_WARN_UNUSED_VARIABLE = YES;
				IPHONEOS_DEPLOYMENT_TARGET = 7.0;
				ONLY_ACTIVE_ARCH = YES;
				SDKROOT = iphoneos;
				TARGETED_DEVICE_FAMILY = "1,2";
			};
			name = Debug;
		};
		D095AE431814AF10008163F2 /* Release */ = {
			isa = XCBuildConfiguration;
			buildSettings = {
				ALWAYS_SEARCH_USER_PATHS = NO;
				ARCHS = "$(ARCHS_STANDARD_INCLUDING_64_BIT)";
				CLANG_CXX_LANGUAGE_STANDARD = "gnu++0x";
				CLANG_CXX_LIBRARY = "libc++";
				CLANG_ENABLE_MODULES = YES;
				CLANG_ENABLE_OBJC_ARC = YES;
				CLANG_WARN_BOOL_CONVERSION = YES;
				CLANG_WARN_CONSTANT_CONVERSION = YES;
				CLANG_WARN_DIRECT_OBJC_ISA_USAGE = YES_ERROR;
				CLANG_WARN_EMPTY_BODY = YES;
				CLANG_WARN_ENUM_CONVERSION = YES;
				CLANG_WARN_INT_CONVERSION = YES;
				CLANG_WARN_OBJC_ROOT_CLASS = YES_ERROR;
				CLANG_WARN__DUPLICATE_METHOD_MATCH = YES;
				"CODE_SIGN_IDENTITY[sdk=iphoneos*]" = "iPhone Developer";
				COPY_PHASE_STRIP = YES;
				ENABLE_NS_ASSERTIONS = NO;
				GCC_C_LANGUAGE_STANDARD = gnu99;
				GCC_WARN_64_TO_32_BIT_CONVERSION = YES;
				GCC_WARN_ABOUT_RETURN_TYPE = YES_ERROR;
				GCC_WARN_UNDECLARED_SELECTOR = YES;
				GCC_WARN_UNINITIALIZED_AUTOS = YES;
				GCC_WARN_UNUSED_FUNCTION = YES;
				GCC_WARN_UNUSED_VARIABLE = YES;
				IPHONEOS_DEPLOYMENT_TARGET = 7.0;
				SDKROOT = iphoneos;
				TARGETED_DEVICE_FAMILY = "1,2";
				VALIDATE_PRODUCT = YES;
			};
			name = Release;
		};
		D095AE451814AF10008163F2 /* Debug */ = {
			isa = XCBuildConfiguration;
			baseConfigurationReference = 208E1D70286D49129C896012 /* Pods.xcconfig */;
			buildSettings = {
				ASSETCATALOG_COMPILER_APPICON_NAME = AppIcon;
				ASSETCATALOG_COMPILER_LAUNCHIMAGE_NAME = LaunchImage;
				CODE_SIGN_IDENTITY = "iPhone Developer";
				"CODE_SIGN_IDENTITY[sdk=iphoneos*]" = "iPhone Developer";
				FRAMEWORK_SEARCH_PATHS = "$(inherited)";
				GCC_PRECOMPILE_PREFIX_HEADER = YES;
				GCC_PREFIX_HEADER = "photobackup/photobackup-Prefix.pch";
				INFOPLIST_FILE = "photobackup/photobackup-Info.plist";
				IPHONEOS_DEPLOYMENT_TARGET = 7.0;
				PRODUCT_NAME = "$(TARGET_NAME)";
				PROVISIONING_PROFILE = "";
				TARGETED_DEVICE_FAMILY = 1;
				WRAPPER_EXTENSION = app;
			};
			name = Debug;
		};
		D095AE461814AF10008163F2 /* Release */ = {
			isa = XCBuildConfiguration;
			baseConfigurationReference = 208E1D70286D49129C896012 /* Pods.xcconfig */;
			buildSettings = {
				ASSETCATALOG_COMPILER_APPICON_NAME = AppIcon;
				ASSETCATALOG_COMPILER_LAUNCHIMAGE_NAME = LaunchImage;
				CODE_SIGN_IDENTITY = "iPhone Distribution: Launch Apps LLC (H6S4PTUWAA)";
				"CODE_SIGN_IDENTITY[sdk=iphoneos*]" = "iPhone Distribution: Launch Apps LLC (H6S4PTUWAA)";
				FRAMEWORK_SEARCH_PATHS = "$(inherited)";
				GCC_PRECOMPILE_PREFIX_HEADER = YES;
				GCC_PREFIX_HEADER = "photobackup/photobackup-Prefix.pch";
				INFOPLIST_FILE = "photobackup/photobackup-Info.plist";
				IPHONEOS_DEPLOYMENT_TARGET = 7.0;
				PRODUCT_NAME = "$(TARGET_NAME)";
				PROVISIONING_PROFILE = "";
				TARGETED_DEVICE_FAMILY = 1;
				WRAPPER_EXTENSION = app;
			};
			name = Release;
		};
		D095AE481814AF10008163F2 /* Debug */ = {
			isa = XCBuildConfiguration;
			buildSettings = {
				ARCHS = "$(ARCHS_STANDARD_INCLUDING_64_BIT)";
				BUNDLE_LOADER = "$(BUILT_PRODUCTS_DIR)/photobackup.app/photobackup";
				FRAMEWORK_SEARCH_PATHS = (
					"$(SDKROOT)/Developer/Library/Frameworks",
					"$(inherited)",
					"$(DEVELOPER_FRAMEWORKS_DIR)",
				);
				GCC_PRECOMPILE_PREFIX_HEADER = YES;
				GCC_PREFIX_HEADER = "photobackup/photobackup-Prefix.pch";
				GCC_PREPROCESSOR_DEFINITIONS = (
					"DEBUG=1",
					"$(inherited)",
				);
				INFOPLIST_FILE = "photobackupTests/photobackupTests-Info.plist";
				PRODUCT_NAME = "$(TARGET_NAME)";
				TEST_HOST = "$(BUNDLE_LOADER)";
				WRAPPER_EXTENSION = xctest;
			};
			name = Debug;
		};
		D095AE491814AF10008163F2 /* Release */ = {
			isa = XCBuildConfiguration;
			buildSettings = {
				ARCHS = "$(ARCHS_STANDARD_INCLUDING_64_BIT)";
				BUNDLE_LOADER = "$(BUILT_PRODUCTS_DIR)/photobackup.app/photobackup";
				FRAMEWORK_SEARCH_PATHS = (
					"$(SDKROOT)/Developer/Library/Frameworks",
					"$(inherited)",
					"$(DEVELOPER_FRAMEWORKS_DIR)",
				);
				GCC_PRECOMPILE_PREFIX_HEADER = YES;
				GCC_PREFIX_HEADER = "photobackup/photobackup-Prefix.pch";
				INFOPLIST_FILE = "photobackupTests/photobackupTests-Info.plist";
				PRODUCT_NAME = "$(TARGET_NAME)";
				TEST_HOST = "$(BUNDLE_LOADER)";
				WRAPPER_EXTENSION = xctest;
			};
			name = Release;
		};
/* End XCBuildConfiguration section */

/* Begin XCConfigurationList section */
		D095AE0A1814AF10008163F2 /* Build configuration list for PBXProject "photobackup" */ = {
			isa = XCConfigurationList;
			buildConfigurations = (
				D095AE421814AF10008163F2 /* Debug */,
				D095AE431814AF10008163F2 /* Release */,
			);
			defaultConfigurationIsVisible = 0;
			defaultConfigurationName = Release;
		};
		D095AE441814AF10008163F2 /* Build configuration list for PBXNativeTarget "photobackup" */ = {
			isa = XCConfigurationList;
			buildConfigurations = (
				D095AE451814AF10008163F2 /* Debug */,
				D095AE461814AF10008163F2 /* Release */,
			);
			defaultConfigurationIsVisible = 0;
			defaultConfigurationName = Release;
		};
		D095AE471814AF10008163F2 /* Build configuration list for PBXNativeTarget "photobackupTests" */ = {
			isa = XCConfigurationList;
			buildConfigurations = (
				D095AE481814AF10008163F2 /* Debug */,
				D095AE491814AF10008163F2 /* Release */,
			);
			defaultConfigurationIsVisible = 0;
			defaultConfigurationName = Release;
		};
/* End XCConfigurationList section */
	};
	rootObject = D095AE071814AF10008163F2 /* Project object */;
}
